// !$*UTF8*$!
{
	archiveVersion = 1;
	classes = {
	};
	objectVersion = 56;
	objects = {

/* Begin PBXBuildFile section */
		4503B01D2A18FD7E006DE85E /* BirthdayGreetingsService.swift in Sources */ = {isa = PBXBuildFile; fileRef = 4503B01C2A18FD7E006DE85E /* BirthdayGreetingsService.swift */; };
		4503B01F2A18FE27006DE85E /* FriendsListReader.swift in Sources */ = {isa = PBXBuildFile; fileRef = 4503B01E2A18FE27006DE85E /* FriendsListReader.swift */; };
		4503B02C2A1908A6006DE85E /* SwiftBirthdayGreetingsTests.swift in Sources */ = {isa = PBXBuildFile; fileRef = 4503B02B2A1908A6006DE85E /* SwiftBirthdayGreetingsTests.swift */; };
		4503B0322A1908AD006DE85E /* GeneratedMocks.swift in Sources */ = {isa = PBXBuildFile; fileRef = 4503B0232A18FF3E006DE85E /* GeneratedMocks.swift */; };
		4503B0342A190956006DE85E /* Matchers.swift in Sources */ = {isa = PBXBuildFile; fileRef = 4503B0332A190956006DE85E /* Matchers.swift */; };
		4503B0372A190992006DE85E /* Cuckoo in Frameworks */ = {isa = PBXBuildFile; productRef = 4503B0362A190992006DE85E /* Cuckoo */; };
		4503B0392A190A21006DE85E /* SendBirthdateGreetingsService.swift in Sources */ = {isa = PBXBuildFile; fileRef = 4503B0382A190A21006DE85E /* SendBirthdateGreetingsService.swift */; };
		45942FE82A190FF300020879 /* Friend.swift in Sources */ = {isa = PBXBuildFile; fileRef = 45942FE72A190FF300020879 /* Friend.swift */; };
		45942FEA2A19100000020879 /* Filename.swift in Sources */ = {isa = PBXBuildFile; fileRef = 45942FE92A19100000020879 /* Filename.swift */; };
		45942FED2A1910B200020879 /* CSVFriendsListReader.swift in Sources */ = {isa = PBXBuildFile; fileRef = 45942FEC2A1910B200020879 /* CSVFriendsListReader.swift */; };
		45942FF32A19173D00020879 /* Collection+Safe.swift in Sources */ = {isa = PBXBuildFile; fileRef = 45942FF22A19173D00020879 /* Collection+Safe.swift */; };
		45942FF52A19186D00020879 /* CSVFriendsListReaderTests.swift in Sources */ = {isa = PBXBuildFile; fileRef = 45942FF42A19186D00020879 /* CSVFriendsListReaderTests.swift */; };
		45942FF82A19199000020879 /* success.csv in Resources */ = {isa = PBXBuildFile; fileRef = 45942FF72A19199000020879 /* success.csv */; };
		45942FFB2A19272C00020879 /* invalid-row.csv in Resources */ = {isa = PBXBuildFile; fileRef = 45942FFA2A19272C00020879 /* invalid-row.csv */; };
		45942FFD2A19293D00020879 /* invalid-date.csv in Resources */ = {isa = PBXBuildFile; fileRef = 45942FFC2A19293D00020879 /* invalid-date.csv */; };
		45942FFF2A1A25E200020879 /* SendBirthdateGreetingService.swift in Sources */ = {isa = PBXBuildFile; fileRef = 45942FFE2A1A25E200020879 /* SendBirthdateGreetingService.swift */; };
		459430012A1A262200020879 /* SendFriendsBirthdateGreetingsService.swift in Sources */ = {isa = PBXBuildFile; fileRef = 459430002A1A262200020879 /* SendFriendsBirthdateGreetingsService.swift */; };
		459430032A1A265F00020879 /* SendFriendsBirthdateGreetingsServiceTest.swift in Sources */ = {isa = PBXBuildFile; fileRef = 459430022A1A265F00020879 /* SendFriendsBirthdateGreetingsServiceTest.swift */; };
		45E22A672A18F8FA000224E1 /* App.swift in Sources */ = {isa = PBXBuildFile; fileRef = 45E22A662A18F8FA000224E1 /* App.swift */; };
		45E22A692A18F8FA000224E1 /* ContentView.swift in Sources */ = {isa = PBXBuildFile; fileRef = 45E22A682A18F8FA000224E1 /* ContentView.swift */; };
		45E22A6B2A18F8FC000224E1 /* Assets.xcassets in Resources */ = {isa = PBXBuildFile; fileRef = 45E22A6A2A18F8FC000224E1 /* Assets.xcassets */; };
		45E22A6E2A18F8FC000224E1 /* Preview Assets.xcassets in Resources */ = {isa = PBXBuildFile; fileRef = 45E22A6D2A18F8FC000224E1 /* Preview Assets.xcassets */; };
/* End PBXBuildFile section */

/* Begin PBXContainerItemProxy section */
		4503B02D2A1908A6006DE85E /* PBXContainerItemProxy */ = {
			isa = PBXContainerItemProxy;
			containerPortal = 45E22A5B2A18F8FA000224E1 /* Project object */;
			proxyType = 1;
			remoteGlobalIDString = 45E22A622A18F8FA000224E1;
			remoteInfo = SwiftBirthdayGreetings;
		};
/* End PBXContainerItemProxy section */

/* Begin PBXFileReference section */
		4503B01C2A18FD7E006DE85E /* BirthdayGreetingsService.swift */ = {isa = PBXFileReference; lastKnownFileType = sourcecode.swift; path = BirthdayGreetingsService.swift; sourceTree = "<group>"; };
		4503B01E2A18FE27006DE85E /* FriendsListReader.swift */ = {isa = PBXFileReference; lastKnownFileType = sourcecode.swift; path = FriendsListReader.swift; sourceTree = "<group>"; };
		4503B0232A18FF3E006DE85E /* GeneratedMocks.swift */ = {isa = PBXFileReference; fileEncoding = 4; lastKnownFileType = sourcecode.swift; path = GeneratedMocks.swift; sourceTree = "<group>"; };
		4503B0292A1908A6006DE85E /* SwiftBirthdayGreetingsTests.xctest */ = {isa = PBXFileReference; explicitFileType = wrapper.cfbundle; includeInIndex = 0; path = SwiftBirthdayGreetingsTests.xctest; sourceTree = BUILT_PRODUCTS_DIR; };
		4503B02B2A1908A6006DE85E /* SwiftBirthdayGreetingsTests.swift */ = {isa = PBXFileReference; lastKnownFileType = sourcecode.swift; path = SwiftBirthdayGreetingsTests.swift; sourceTree = "<group>"; };
		4503B0332A190956006DE85E /* Matchers.swift */ = {isa = PBXFileReference; lastKnownFileType = sourcecode.swift; path = Matchers.swift; sourceTree = "<group>"; };
		4503B0382A190A21006DE85E /* SendBirthdateGreetingsService.swift */ = {isa = PBXFileReference; lastKnownFileType = sourcecode.swift; path = SendBirthdateGreetingsService.swift; sourceTree = "<group>"; };
		45942FE72A190FF300020879 /* Friend.swift */ = {isa = PBXFileReference; lastKnownFileType = sourcecode.swift; path = Friend.swift; sourceTree = "<group>"; };
		45942FE92A19100000020879 /* Filename.swift */ = {isa = PBXFileReference; lastKnownFileType = sourcecode.swift; path = Filename.swift; sourceTree = "<group>"; };
		45942FEC2A1910B200020879 /* CSVFriendsListReader.swift */ = {isa = PBXFileReference; lastKnownFileType = sourcecode.swift; path = CSVFriendsListReader.swift; sourceTree = "<group>"; };
		45942FF22A19173D00020879 /* Collection+Safe.swift */ = {isa = PBXFileReference; lastKnownFileType = sourcecode.swift; path = "Collection+Safe.swift"; sourceTree = "<group>"; };
		45942FF42A19186D00020879 /* CSVFriendsListReaderTests.swift */ = {isa = PBXFileReference; lastKnownFileType = sourcecode.swift; path = CSVFriendsListReaderTests.swift; sourceTree = "<group>"; };
		45942FF72A19199000020879 /* success.csv */ = {isa = PBXFileReference; lastKnownFileType = text; path = success.csv; sourceTree = "<group>"; };
		45942FFA2A19272C00020879 /* invalid-row.csv */ = {isa = PBXFileReference; lastKnownFileType = text; path = "invalid-row.csv"; sourceTree = "<group>"; };
		45942FFC2A19293D00020879 /* invalid-date.csv */ = {isa = PBXFileReference; lastKnownFileType = text; path = "invalid-date.csv"; sourceTree = "<group>"; };
		45942FFE2A1A25E200020879 /* SendBirthdateGreetingService.swift */ = {isa = PBXFileReference; lastKnownFileType = sourcecode.swift; path = SendBirthdateGreetingService.swift; sourceTree = "<group>"; };
		459430002A1A262200020879 /* SendFriendsBirthdateGreetingsService.swift */ = {isa = PBXFileReference; lastKnownFileType = sourcecode.swift; path = SendFriendsBirthdateGreetingsService.swift; sourceTree = "<group>"; };
		459430022A1A265F00020879 /* SendFriendsBirthdateGreetingsServiceTest.swift */ = {isa = PBXFileReference; lastKnownFileType = sourcecode.swift; path = SendFriendsBirthdateGreetingsServiceTest.swift; sourceTree = "<group>"; };
		45E22A632A18F8FA000224E1 /* SwiftBirthdayGreetings.app */ = {isa = PBXFileReference; explicitFileType = wrapper.application; includeInIndex = 0; path = SwiftBirthdayGreetings.app; sourceTree = BUILT_PRODUCTS_DIR; };
		45E22A662A18F8FA000224E1 /* App.swift */ = {isa = PBXFileReference; lastKnownFileType = sourcecode.swift; path = App.swift; sourceTree = "<group>"; };
		45E22A682A18F8FA000224E1 /* ContentView.swift */ = {isa = PBXFileReference; lastKnownFileType = sourcecode.swift; path = ContentView.swift; sourceTree = "<group>"; };
		45E22A6A2A18F8FC000224E1 /* Assets.xcassets */ = {isa = PBXFileReference; lastKnownFileType = folder.assetcatalog; path = Assets.xcassets; sourceTree = "<group>"; };
		45E22A6D2A18F8FC000224E1 /* Preview Assets.xcassets */ = {isa = PBXFileReference; lastKnownFileType = folder.assetcatalog; path = "Preview Assets.xcassets"; sourceTree = "<group>"; };
/* End PBXFileReference section */

/* Begin PBXFrameworksBuildPhase section */
		4503B0262A1908A6006DE85E /* Frameworks */ = {
			isa = PBXFrameworksBuildPhase;
			buildActionMask = 2147483647;
			files = (
				4503B0372A190992006DE85E /* Cuckoo in Frameworks */,
			);
			runOnlyForDeploymentPostprocessing = 0;
		};
		45E22A602A18F8FA000224E1 /* Frameworks */ = {
			isa = PBXFrameworksBuildPhase;
			buildActionMask = 2147483647;
			files = (
			);
			runOnlyForDeploymentPostprocessing = 0;
		};
/* End PBXFrameworksBuildPhase section */

/* Begin PBXGroup section */
		4503B02A2A1908A6006DE85E /* SwiftBirthdayGreetingsTests */ = {
			isa = PBXGroup;
			children = (
				45942FF62A19196F00020879 /* Resources */,
				4503B0232A18FF3E006DE85E /* GeneratedMocks.swift */,
				4503B0332A190956006DE85E /* Matchers.swift */,
				4503B02B2A1908A6006DE85E /* SwiftBirthdayGreetingsTests.swift */,
				45942FF42A19186D00020879 /* CSVFriendsListReaderTests.swift */,
				459430022A1A265F00020879 /* SendFriendsBirthdateGreetingsServiceTest.swift */,
			);
			path = SwiftBirthdayGreetingsTests;
			sourceTree = "<group>";
		};
		45942FE62A190FDB00020879 /* Domain */ = {
			isa = PBXGroup;
			children = (
				4503B01E2A18FE27006DE85E /* FriendsListReader.swift */,
				4503B0382A190A21006DE85E /* SendBirthdateGreetingsService.swift */,
				459430002A1A262200020879 /* SendFriendsBirthdateGreetingsService.swift */,
				45942FFE2A1A25E200020879 /* SendBirthdateGreetingService.swift */,
				45942FE72A190FF300020879 /* Friend.swift */,
				45942FE92A19100000020879 /* Filename.swift */,
				45942FF22A19173D00020879 /* Collection+Safe.swift */,
			);
			path = Domain;
			sourceTree = "<group>";
		};
		45942FF02A19116200020879 /* Adapter */ = {
			isa = PBXGroup;
			children = (
				45942FEC2A1910B200020879 /* CSVFriendsListReader.swift */,
			);
			path = Adapter;
			sourceTree = "<group>";
		};
		45942FF62A19196F00020879 /* Resources */ = {
			isa = PBXGroup;
			children = (
				45942FF72A19199000020879 /* success.csv */,
				45942FFA2A19272C00020879 /* invalid-row.csv */,
				45942FFC2A19293D00020879 /* invalid-date.csv */,
			);
			path = Resources;
			sourceTree = "<group>";
		};
		45E22A5A2A18F8FA000224E1 = {
			isa = PBXGroup;
			children = (
				45E22A652A18F8FA000224E1 /* SwiftBirthdayGreetings */,
				4503B02A2A1908A6006DE85E /* SwiftBirthdayGreetingsTests */,
				45E22A642A18F8FA000224E1 /* Products */,
			);
			sourceTree = "<group>";
		};
		45E22A642A18F8FA000224E1 /* Products */ = {
			isa = PBXGroup;
			children = (
				45E22A632A18F8FA000224E1 /* SwiftBirthdayGreetings.app */,
				4503B0292A1908A6006DE85E /* SwiftBirthdayGreetingsTests.xctest */,
			);
			name = Products;
			sourceTree = "<group>";
		};
		45E22A652A18F8FA000224E1 /* SwiftBirthdayGreetings */ = {
			isa = PBXGroup;
			children = (
				45942FF02A19116200020879 /* Adapter */,
				45942FE62A190FDB00020879 /* Domain */,
				45E22A662A18F8FA000224E1 /* App.swift */,
				45E22A682A18F8FA000224E1 /* ContentView.swift */,
				4503B01C2A18FD7E006DE85E /* BirthdayGreetingsService.swift */,
				45E22A6A2A18F8FC000224E1 /* Assets.xcassets */,
				45E22A6C2A18F8FC000224E1 /* Preview Content */,
			);
			path = SwiftBirthdayGreetings;
			sourceTree = "<group>";
		};
		45E22A6C2A18F8FC000224E1 /* Preview Content */ = {
			isa = PBXGroup;
			children = (
				45E22A6D2A18F8FC000224E1 /* Preview Assets.xcassets */,
			);
			path = "Preview Content";
			sourceTree = "<group>";
		};
/* End PBXGroup section */

/* Begin PBXNativeTarget section */
		4503B0282A1908A6006DE85E /* SwiftBirthdayGreetingsTests */ = {
			isa = PBXNativeTarget;
			buildConfigurationList = 4503B02F2A1908A6006DE85E /* Build configuration list for PBXNativeTarget "SwiftBirthdayGreetingsTests" */;
			buildPhases = (
				4503B0252A1908A6006DE85E /* Sources */,
				4503B0262A1908A6006DE85E /* Frameworks */,
				4503B0272A1908A6006DE85E /* Resources */,
			);
			buildRules = (
			);
			dependencies = (
				4503B02E2A1908A6006DE85E /* PBXTargetDependency */,
			);
			name = SwiftBirthdayGreetingsTests;
			packageProductDependencies = (
				4503B0362A190992006DE85E /* Cuckoo */,
			);
			productName = SwiftBirthdayGreetingsTests;
			productReference = 4503B0292A1908A6006DE85E /* SwiftBirthdayGreetingsTests.xctest */;
			productType = "com.apple.product-type.bundle.unit-test";
		};
		45E22A622A18F8FA000224E1 /* SwiftBirthdayGreetings */ = {
			isa = PBXNativeTarget;
			buildConfigurationList = 45E22A872A18F8FC000224E1 /* Build configuration list for PBXNativeTarget "SwiftBirthdayGreetings" */;
			buildPhases = (
				456141742A18FA2D0087548F /* ShellScript */,
				45E22A5F2A18F8FA000224E1 /* Sources */,
				45E22A602A18F8FA000224E1 /* Frameworks */,
				45E22A612A18F8FA000224E1 /* Resources */,
			);
			buildRules = (
			);
			dependencies = (
			);
			name = SwiftBirthdayGreetings;
			packageProductDependencies = (
			);
			productName = "swift-birthday-greetings";
			productReference = 45E22A632A18F8FA000224E1 /* SwiftBirthdayGreetings.app */;
			productType = "com.apple.product-type.application";
		};
/* End PBXNativeTarget section */

/* Begin PBXProject section */
		45E22A5B2A18F8FA000224E1 /* Project object */ = {
			isa = PBXProject;
			attributes = {
				BuildIndependentTargetsInParallel = 1;
				LastSwiftUpdateCheck = 1430;
				LastUpgradeCheck = 1430;
				TargetAttributes = {
					4503B0282A1908A6006DE85E = {
						CreatedOnToolsVersion = 14.3;
						TestTargetID = 45E22A622A18F8FA000224E1;
					};
					45E22A622A18F8FA000224E1 = {
						CreatedOnToolsVersion = 14.3;
					};
				};
			};
			buildConfigurationList = 45E22A5E2A18F8FA000224E1 /* Build configuration list for PBXProject "SwiftBirthdayGreetings" */;
			compatibilityVersion = "Xcode 14.0";
			developmentRegion = en;
			hasScannedForEncodings = 0;
			knownRegions = (
				en,
				Base,
			);
			mainGroup = 45E22A5A2A18F8FA000224E1;
			packageReferences = (
				4503B0352A190992006DE85E /* XCRemoteSwiftPackageReference "Cuckoo" */,
			);
			productRefGroup = 45E22A642A18F8FA000224E1 /* Products */;
			projectDirPath = "";
			projectRoot = "";
			targets = (
				45E22A622A18F8FA000224E1 /* SwiftBirthdayGreetings */,
				4503B0282A1908A6006DE85E /* SwiftBirthdayGreetingsTests */,
			);
		};
/* End PBXProject section */

/* Begin PBXResourcesBuildPhase section */
		4503B0272A1908A6006DE85E /* Resources */ = {
			isa = PBXResourcesBuildPhase;
			buildActionMask = 2147483647;
			files = (
				45942FF82A19199000020879 /* success.csv in Resources */,
				45942FFD2A19293D00020879 /* invalid-date.csv in Resources */,
				45942FFB2A19272C00020879 /* invalid-row.csv in Resources */,
			);
			runOnlyForDeploymentPostprocessing = 0;
		};
		45E22A612A18F8FA000224E1 /* Resources */ = {
			isa = PBXResourcesBuildPhase;
			buildActionMask = 2147483647;
			files = (
				45E22A6E2A18F8FC000224E1 /* Preview Assets.xcassets in Resources */,
				45E22A6B2A18F8FC000224E1 /* Assets.xcassets in Resources */,
			);
			runOnlyForDeploymentPostprocessing = 0;
		};
/* End PBXResourcesBuildPhase section */

/* Begin PBXShellScriptBuildPhase section */
		456141742A18FA2D0087548F /* ShellScript */ = {
			isa = PBXShellScriptBuildPhase;
			buildActionMask = 2147483647;
			files = (
			);
			inputFileListPaths = (
			);
			inputPaths = (
			);
			outputFileListPaths = (
			);
			outputPaths = (
			);
			runOnlyForDeploymentPostprocessing = 0;
			shellPath = /bin/sh;
			shellScript = "if [ $ACTION == \"indexbuild\" ]; then\n  echo \"Not running Cuckoo generator during indexing.\"\n  exit 0\nfi\n\n# Skip for preview builds\nif [ \"${ENABLE_PREVIEWS}\" = \"YES\" ]; then\n  echo \"Not running Cuckoo generator during preview builds.\"\n  exit 0\nfi\n\n# Define output file. Change \"${PROJECT_DIR}/${PROJECT_NAME}Tests\" to your test's root source folder, if it's not the default name.\nOUTPUT_FILE=\"${PROJECT_DIR}/${PROJECT_NAME}Tests/GeneratedMocks.swift\"\necho \"Generated Mocks File = ${OUTPUT_FILE}\"\n\n# Define input directory. Change \"${PROJECT_DIR}/${PROJECT_NAME}\" to your project's root source folder, if it's not the default name.\nINPUT_DIR=\"${PROJECT_DIR}/${PROJECT_NAME}\"\necho \"Mocks Input Directory = ${INPUT_DIR}\"\n\n# Generate mock files, include as many input files as you'd like to create mocks for.\n\"${PROJECT_DIR}/run\" --download generate --testable \"${PROJECT_NAME}\" \\\n--output \"${OUTPUT_FILE}\" \\\n\"${INPUT_DIR}/Domain/FriendsListReader.swift\" \\\n\"${INPUT_DIR}/Domain/SendBirthdateGreetingsService.swift\" \\\n\"${INPUT_DIR}/Domain/SendBirthdateGreetingService.swift\" \n# ... and so forth, the last line should never end with a backslash\n\n# After running once, locate `GeneratedMocks.swift` and drag it into your Xcode test target group.\n";
		};
/* End PBXShellScriptBuildPhase section */

/* Begin PBXSourcesBuildPhase section */
		4503B0252A1908A6006DE85E /* Sources */ = {
			isa = PBXSourcesBuildPhase;
			buildActionMask = 2147483647;
			files = (
				4503B0342A190956006DE85E /* Matchers.swift in Sources */,
				45942FF52A19186D00020879 /* CSVFriendsListReaderTests.swift in Sources */,
				4503B02C2A1908A6006DE85E /* SwiftBirthdayGreetingsTests.swift in Sources */,
				4503B0322A1908AD006DE85E /* GeneratedMocks.swift in Sources */,
				459430032A1A265F00020879 /* SendFriendsBirthdateGreetingsServiceTest.swift in Sources */,
			);
			runOnlyForDeploymentPostprocessing = 0;
		};
		45E22A5F2A18F8FA000224E1 /* Sources */ = {
			isa = PBXSourcesBuildPhase;
			buildActionMask = 2147483647;
			files = (
				4503B01F2A18FE27006DE85E /* FriendsListReader.swift in Sources */,
				4503B0392A190A21006DE85E /* SendBirthdateGreetingsService.swift in Sources */,
				45E22A692A18F8FA000224E1 /* ContentView.swift in Sources */,
				45942FE82A190FF300020879 /* Friend.swift in Sources */,
				45942FFF2A1A25E200020879 /* SendBirthdateGreetingService.swift in Sources */,
				45942FEA2A19100000020879 /* Filename.swift in Sources */,
				45E22A672A18F8FA000224E1 /* App.swift in Sources */,
				45942FF32A19173D00020879 /* Collection+Safe.swift in Sources */,
				45942FED2A1910B200020879 /* CSVFriendsListReader.swift in Sources */,
				459430012A1A262200020879 /* SendFriendsBirthdateGreetingsService.swift in Sources */,
				4503B01D2A18FD7E006DE85E /* BirthdayGreetingsService.swift in Sources */,
			);
			runOnlyForDeploymentPostprocessing = 0;
		};
/* End PBXSourcesBuildPhase section */

/* Begin PBXTargetDependency section */
		4503B02E2A1908A6006DE85E /* PBXTargetDependency */ = {
			isa = PBXTargetDependency;
			target = 45E22A622A18F8FA000224E1 /* SwiftBirthdayGreetings */;
			targetProxy = 4503B02D2A1908A6006DE85E /* PBXContainerItemProxy */;
		};
/* End PBXTargetDependency section */

/* Begin XCBuildConfiguration section */
		4503B0302A1908A6006DE85E /* Debug */ = {
			isa = XCBuildConfiguration;
			buildSettings = {
				BUNDLE_LOADER = "$(TEST_HOST)";
				CODE_SIGN_STYLE = Automatic;
				CURRENT_PROJECT_VERSION = 1;
				DEVELOPMENT_TEAM = Y682K92RZU;
				GENERATE_INFOPLIST_FILE = YES;
				MARKETING_VERSION = 1.0;
				PRODUCT_BUNDLE_IDENTIFIER = it.chicio.SwiftBirthdayGreetingsTests;
				PRODUCT_NAME = "$(TARGET_NAME)";
				SWIFT_EMIT_LOC_STRINGS = NO;
				SWIFT_VERSION = 5.0;
				TARGETED_DEVICE_FAMILY = "1,2";
				TEST_HOST = "$(BUILT_PRODUCTS_DIR)/SwiftBirthdayGreetings.app/$(BUNDLE_EXECUTABLE_FOLDER_PATH)/SwiftBirthdayGreetings";
			};
			name = Debug;
		};
		4503B0312A1908A6006DE85E /* Release */ = {
			isa = XCBuildConfiguration;
			buildSettings = {
				BUNDLE_LOADER = "$(TEST_HOST)";
				CODE_SIGN_STYLE = Automatic;
				CURRENT_PROJECT_VERSION = 1;
				DEVELOPMENT_TEAM = Y682K92RZU;
				GENERATE_INFOPLIST_FILE = YES;
				MARKETING_VERSION = 1.0;
				PRODUCT_BUNDLE_IDENTIFIER = it.chicio.SwiftBirthdayGreetingsTests;
				PRODUCT_NAME = "$(TARGET_NAME)";
				SWIFT_EMIT_LOC_STRINGS = NO;
				SWIFT_VERSION = 5.0;
				TARGETED_DEVICE_FAMILY = "1,2";
				TEST_HOST = "$(BUILT_PRODUCTS_DIR)/SwiftBirthdayGreetings.app/$(BUNDLE_EXECUTABLE_FOLDER_PATH)/SwiftBirthdayGreetings";
			};
			name = Release;
		};
		45E22A852A18F8FC000224E1 /* Debug */ = {
			isa = XCBuildConfiguration;
			buildSettings = {
				ALWAYS_SEARCH_USER_PATHS = NO;
				CLANG_ANALYZER_NONNULL = YES;
				CLANG_ANALYZER_NUMBER_OBJECT_CONVERSION = YES_AGGRESSIVE;
				CLANG_CXX_LANGUAGE_STANDARD = "gnu++20";
				CLANG_ENABLE_MODULES = YES;
				CLANG_ENABLE_OBJC_ARC = YES;
				CLANG_ENABLE_OBJC_WEAK = YES;
				CLANG_WARN_BLOCK_CAPTURE_AUTORELEASING = YES;
				CLANG_WARN_BOOL_CONVERSION = YES;
				CLANG_WARN_COMMA = YES;
				CLANG_WARN_CONSTANT_CONVERSION = YES;
				CLANG_WARN_DEPRECATED_OBJC_IMPLEMENTATIONS = YES;
				CLANG_WARN_DIRECT_OBJC_ISA_USAGE = YES_ERROR;
				CLANG_WARN_DOCUMENTATION_COMMENTS = YES;
				CLANG_WARN_EMPTY_BODY = YES;
				CLANG_WARN_ENUM_CONVERSION = YES;
				CLANG_WARN_INFINITE_RECURSION = YES;
				CLANG_WARN_INT_CONVERSION = YES;
				CLANG_WARN_NON_LITERAL_NULL_CONVERSION = YES;
				CLANG_WARN_OBJC_IMPLICIT_RETAIN_SELF = YES;
				CLANG_WARN_OBJC_LITERAL_CONVERSION = YES;
				CLANG_WARN_OBJC_ROOT_CLASS = YES_ERROR;
				CLANG_WARN_QUOTED_INCLUDE_IN_FRAMEWORK_HEADER = YES;
				CLANG_WARN_RANGE_LOOP_ANALYSIS = YES;
				CLANG_WARN_STRICT_PROTOTYPES = YES;
				CLANG_WARN_SUSPICIOUS_MOVE = YES;
				CLANG_WARN_UNGUARDED_AVAILABILITY = YES_AGGRESSIVE;
				CLANG_WARN_UNREACHABLE_CODE = YES;
				CLANG_WARN__DUPLICATE_METHOD_MATCH = YES;
				COPY_PHASE_STRIP = NO;
				DEBUG_INFORMATION_FORMAT = dwarf;
				ENABLE_STRICT_OBJC_MSGSEND = YES;
				ENABLE_TESTABILITY = YES;
				GCC_C_LANGUAGE_STANDARD = gnu11;
				GCC_DYNAMIC_NO_PIC = NO;
				GCC_NO_COMMON_BLOCKS = YES;
				GCC_OPTIMIZATION_LEVEL = 0;
				GCC_PREPROCESSOR_DEFINITIONS = (
					"DEBUG=1",
					"$(inherited)",
				);
				GCC_WARN_64_TO_32_BIT_CONVERSION = YES;
				GCC_WARN_ABOUT_RETURN_TYPE = YES_ERROR;
				GCC_WARN_UNDECLARED_SELECTOR = YES;
				GCC_WARN_UNINITIALIZED_AUTOS = YES_AGGRESSIVE;
				GCC_WARN_UNUSED_FUNCTION = YES;
				GCC_WARN_UNUSED_VARIABLE = YES;
				IPHONEOS_DEPLOYMENT_TARGET = 16.4;
				MTL_ENABLE_DEBUG_INFO = INCLUDE_SOURCE;
				MTL_FAST_MATH = YES;
				ONLY_ACTIVE_ARCH = YES;
				SDKROOT = iphoneos;
				SWIFT_ACTIVE_COMPILATION_CONDITIONS = DEBUG;
				SWIFT_OPTIMIZATION_LEVEL = "-Onone";
			};
			name = Debug;
		};
		45E22A862A18F8FC000224E1 /* Release */ = {
			isa = XCBuildConfiguration;
			buildSettings = {
				ALWAYS_SEARCH_USER_PATHS = NO;
				CLANG_ANALYZER_NONNULL = YES;
				CLANG_ANALYZER_NUMBER_OBJECT_CONVERSION = YES_AGGRESSIVE;
				CLANG_CXX_LANGUAGE_STANDARD = "gnu++20";
				CLANG_ENABLE_MODULES = YES;
				CLANG_ENABLE_OBJC_ARC = YES;
				CLANG_ENABLE_OBJC_WEAK = YES;
				CLANG_WARN_BLOCK_CAPTURE_AUTORELEASING = YES;
				CLANG_WARN_BOOL_CONVERSION = YES;
				CLANG_WARN_COMMA = YES;
				CLANG_WARN_CONSTANT_CONVERSION = YES;
				CLANG_WARN_DEPRECATED_OBJC_IMPLEMENTATIONS = YES;
				CLANG_WARN_DIRECT_OBJC_ISA_USAGE = YES_ERROR;
				CLANG_WARN_DOCUMENTATION_COMMENTS = YES;
				CLANG_WARN_EMPTY_BODY = YES;
				CLANG_WARN_ENUM_CONVERSION = YES;
				CLANG_WARN_INFINITE_RECURSION = YES;
				CLANG_WARN_INT_CONVERSION = YES;
				CLANG_WARN_NON_LITERAL_NULL_CONVERSION = YES;
				CLANG_WARN_OBJC_IMPLICIT_RETAIN_SELF = YES;
				CLANG_WARN_OBJC_LITERAL_CONVERSION = YES;
				CLANG_WARN_OBJC_ROOT_CLASS = YES_ERROR;
				CLANG_WARN_QUOTED_INCLUDE_IN_FRAMEWORK_HEADER = YES;
				CLANG_WARN_RANGE_LOOP_ANALYSIS = YES;
				CLANG_WARN_STRICT_PROTOTYPES = YES;
				CLANG_WARN_SUSPICIOUS_MOVE = YES;
				CLANG_WARN_UNGUARDED_AVAILABILITY = YES_AGGRESSIVE;
				CLANG_WARN_UNREACHABLE_CODE = YES;
				CLANG_WARN__DUPLICATE_METHOD_MATCH = YES;
				COPY_PHASE_STRIP = NO;
				DEBUG_INFORMATION_FORMAT = "dwarf-with-dsym";
				ENABLE_NS_ASSERTIONS = NO;
				ENABLE_STRICT_OBJC_MSGSEND = YES;
				GCC_C_LANGUAGE_STANDARD = gnu11;
				GCC_NO_COMMON_BLOCKS = YES;
				GCC_WARN_64_TO_32_BIT_CONVERSION = YES;
				GCC_WARN_ABOUT_RETURN_TYPE = YES_ERROR;
				GCC_WARN_UNDECLARED_SELECTOR = YES;
				GCC_WARN_UNINITIALIZED_AUTOS = YES_AGGRESSIVE;
				GCC_WARN_UNUSED_FUNCTION = YES;
				GCC_WARN_UNUSED_VARIABLE = YES;
				IPHONEOS_DEPLOYMENT_TARGET = 16.4;
				MTL_ENABLE_DEBUG_INFO = NO;
				MTL_FAST_MATH = YES;
				SDKROOT = iphoneos;
				SWIFT_COMPILATION_MODE = wholemodule;
				SWIFT_OPTIMIZATION_LEVEL = "-O";
				VALIDATE_PRODUCT = YES;
			};
			name = Release;
		};
		45E22A882A18F8FC000224E1 /* Debug */ = {
			isa = XCBuildConfiguration;
			buildSettings = {
				ASSETCATALOG_COMPILER_APPICON_NAME = AppIcon;
				ASSETCATALOG_COMPILER_GLOBAL_ACCENT_COLOR_NAME = AccentColor;
				CODE_SIGN_STYLE = Automatic;
				CURRENT_PROJECT_VERSION = 1;
				DEVELOPMENT_ASSET_PATHS = "\"SwiftBirthdayGreetings/Preview Content\"";
				DEVELOPMENT_TEAM = Y682K92RZU;
				ENABLE_PREVIEWS = YES;
				GENERATE_INFOPLIST_FILE = YES;
				INFOPLIST_KEY_UIApplicationSceneManifest_Generation = YES;
				INFOPLIST_KEY_UIApplicationSupportsIndirectInputEvents = YES;
				INFOPLIST_KEY_UILaunchScreen_Generation = YES;
				INFOPLIST_KEY_UISupportedInterfaceOrientations_iPad = "UIInterfaceOrientationPortrait UIInterfaceOrientationPortraitUpsideDown UIInterfaceOrientationLandscapeLeft UIInterfaceOrientationLandscapeRight";
				INFOPLIST_KEY_UISupportedInterfaceOrientations_iPhone = "UIInterfaceOrientationPortrait UIInterfaceOrientationLandscapeLeft UIInterfaceOrientationLandscapeRight";
				LD_RUNPATH_SEARCH_PATHS = (
					"$(inherited)",
					"@executable_path/Frameworks",
				);
				MARKETING_VERSION = 1.0;
				PRODUCT_BUNDLE_IDENTIFIER = "it.chicio.swift-birthday-greetings";
				PRODUCT_NAME = "$(TARGET_NAME)";
				SUPPORTED_PLATFORMS = "iphoneos iphonesimulator";
				SUPPORTS_MACCATALYST = NO;
				SUPPORTS_MAC_DESIGNED_FOR_IPHONE_IPAD = NO;
				SWIFT_EMIT_LOC_STRINGS = YES;
				SWIFT_VERSION = 5.0;
				TARGETED_DEVICE_FAMILY = "1,2";
			};
			name = Debug;
		};
		45E22A892A18F8FC000224E1 /* Release */ = {
			isa = XCBuildConfiguration;
			buildSettings = {
				ASSETCATALOG_COMPILER_APPICON_NAME = AppIcon;
				ASSETCATALOG_COMPILER_GLOBAL_ACCENT_COLOR_NAME = AccentColor;
				CODE_SIGN_STYLE = Automatic;
				CURRENT_PROJECT_VERSION = 1;
				DEVELOPMENT_ASSET_PATHS = "\"SwiftBirthdayGreetings/Preview Content\"";
				DEVELOPMENT_TEAM = Y682K92RZU;
				ENABLE_PREVIEWS = YES;
				GENERATE_INFOPLIST_FILE = YES;
				INFOPLIST_KEY_UIApplicationSceneManifest_Generation = YES;
				INFOPLIST_KEY_UIApplicationSupportsIndirectInputEvents = YES;
				INFOPLIST_KEY_UILaunchScreen_Generation = YES;
				INFOPLIST_KEY_UISupportedInterfaceOrientations_iPad = "UIInterfaceOrientationPortrait UIInterfaceOrientationPortraitUpsideDown UIInterfaceOrientationLandscapeLeft UIInterfaceOrientationLandscapeRight";
				INFOPLIST_KEY_UISupportedInterfaceOrientations_iPhone = "UIInterfaceOrientationPortrait UIInterfaceOrientationLandscapeLeft UIInterfaceOrientationLandscapeRight";
				LD_RUNPATH_SEARCH_PATHS = (
					"$(inherited)",
					"@executable_path/Frameworks",
				);
				MARKETING_VERSION = 1.0;
				PRODUCT_BUNDLE_IDENTIFIER = "it.chicio.swift-birthday-greetings";
				PRODUCT_NAME = "$(TARGET_NAME)";
				SUPPORTED_PLATFORMS = "iphoneos iphonesimulator";
				SUPPORTS_MACCATALYST = NO;
				SUPPORTS_MAC_DESIGNED_FOR_IPHONE_IPAD = NO;
				SWIFT_EMIT_LOC_STRINGS = YES;
				SWIFT_VERSION = 5.0;
				TARGETED_DEVICE_FAMILY = "1,2";
			};
			name = Release;
		};
/* End XCBuildConfiguration section */

/* Begin XCConfigurationList section */
		4503B02F2A1908A6006DE85E /* Build configuration list for PBXNativeTarget "SwiftBirthdayGreetingsTests" */ = {
			isa = XCConfigurationList;
			buildConfigurations = (
				4503B0302A1908A6006DE85E /* Debug */,
				4503B0312A1908A6006DE85E /* Release */,
			);
			defaultConfigurationIsVisible = 0;
			defaultConfigurationName = Release;
		};
		45E22A5E2A18F8FA000224E1 /* Build configuration list for PBXProject "SwiftBirthdayGreetings" */ = {
			isa = XCConfigurationList;
			buildConfigurations = (
				45E22A852A18F8FC000224E1 /* Debug */,
				45E22A862A18F8FC000224E1 /* Release */,
			);
			defaultConfigurationIsVisible = 0;
			defaultConfigurationName = Release;
		};
		45E22A872A18F8FC000224E1 /* Build configuration list for PBXNativeTarget "SwiftBirthdayGreetings" */ = {
			isa = XCConfigurationList;
			buildConfigurations = (
				45E22A882A18F8FC000224E1 /* Debug */,
				45E22A892A18F8FC000224E1 /* Release */,
			);
			defaultConfigurationIsVisible = 0;
			defaultConfigurationName = Release;
		};
/* End XCConfigurationList section */

/* Begin XCRemoteSwiftPackageReference section */
		4503B0352A190992006DE85E /* XCRemoteSwiftPackageReference "Cuckoo" */ = {
			isa = XCRemoteSwiftPackageReference;
			repositoryURL = "https://github.com/Brightify/Cuckoo.git";
			requirement = {
				kind = upToNextMajorVersion;
				minimumVersion = 1.0.0;
			};
		};
/* End XCRemoteSwiftPackageReference section */

/* Begin XCSwiftPackageProductDependency section */
		4503B0362A190992006DE85E /* Cuckoo */ = {
			isa = XCSwiftPackageProductDependency;
			package = 4503B0352A190992006DE85E /* XCRemoteSwiftPackageReference "Cuckoo" */;
			productName = Cuckoo;
		};
/* End XCSwiftPackageProductDependency section */
	};
	rootObject = 45E22A5B2A18F8FA000224E1 /* Project object */;
}
