// !$*UTF8*$!
{
	archiveVersion = 1;
	classes = {
	};
	objectVersion = 50;
	objects = {

/* Begin PBXBuildFile section */
		1C438008B717042F46C69082 /* libPods-objective-c-tennis-game.a in Frameworks */ = {isa = PBXBuildFile; fileRef = 3ECDA2C38D8C89D33BDC0528 /* libPods-objective-c-tennis-game.a */; };
		453829CB25094FF400CAB281 /* InputPlayerParser.m in Sources */ = {isa = PBXBuildFile; fileRef = 453829CA25094FF400CAB281 /* InputPlayerParser.m */; };
		453829CC2509508000CAB281 /* InputPlayerParser.m in Sources */ = {isa = PBXBuildFile; fileRef = 453829CA25094FF400CAB281 /* InputPlayerParser.m */; };
		453829CF2509780D00CAB281 /* GameScoreCalculator.m in Sources */ = {isa = PBXBuildFile; fileRef = 453829CE2509780D00CAB281 /* GameScoreCalculator.m */; };
		453829D02509780D00CAB281 /* GameScoreCalculator.m in Sources */ = {isa = PBXBuildFile; fileRef = 453829CE2509780D00CAB281 /* GameScoreCalculator.m */; };
		453829D32509796E00CAB281 /* Game.m in Sources */ = {isa = PBXBuildFile; fileRef = 453829D22509796E00CAB281 /* Game.m */; };
		453829D42509796E00CAB281 /* Game.m in Sources */ = {isa = PBXBuildFile; fileRef = 453829D22509796E00CAB281 /* Game.m */; };
		453829D72509798300CAB281 /* Player.m in Sources */ = {isa = PBXBuildFile; fileRef = 453829D62509798300CAB281 /* Player.m */; };
		453829D82509798300CAB281 /* Player.m in Sources */ = {isa = PBXBuildFile; fileRef = 453829D62509798300CAB281 /* Player.m */; };
		453829DA2509799400CAB281 /* Score.h in Sources */ = {isa = PBXBuildFile; fileRef = 453829D92509799400CAB281 /* Score.h */; };
		453829DB2509799400CAB281 /* Score.h in Sources */ = {isa = PBXBuildFile; fileRef = 453829D92509799400CAB281 /* Score.h */; };
		453829DD25097B8600CAB281 /* InputPlayer.h in Sources */ = {isa = PBXBuildFile; fileRef = 453829DC25097B8600CAB281 /* InputPlayer.h */; };
		453829DE25097B8600CAB281 /* InputPlayer.h in Sources */ = {isa = PBXBuildFile; fileRef = 453829DC25097B8600CAB281 /* InputPlayer.h */; };
		453829E12509802500CAB281 /* GameFactory.m in Sources */ = {isa = PBXBuildFile; fileRef = 453829E02509802500CAB281 /* GameFactory.m */; };
		453829E22509802500CAB281 /* GameFactory.m in Sources */ = {isa = PBXBuildFile; fileRef = 453829E02509802500CAB281 /* GameFactory.m */; };
		453829E52509815D00CAB281 /* GameScoreStringConverter.m in Sources */ = {isa = PBXBuildFile; fileRef = 453829E42509815D00CAB281 /* GameScoreStringConverter.m */; };
		453829E62509815D00CAB281 /* GameScoreStringConverter.m in Sources */ = {isa = PBXBuildFile; fileRef = 453829E42509815D00CAB281 /* GameScoreStringConverter.m */; };
		453829E9250A073E00CAB281 /* InputPlayerReader.m in Sources */ = {isa = PBXBuildFile; fileRef = 453829E8250A073E00CAB281 /* InputPlayerReader.m */; };
		453829EA250A073E00CAB281 /* InputPlayerReader.m in Sources */ = {isa = PBXBuildFile; fileRef = 453829E8250A073E00CAB281 /* InputPlayerReader.m */; };
		453829ED250A096000CAB281 /* GameScorePrinter.m in Sources */ = {isa = PBXBuildFile; fileRef = 453829EC250A096000CAB281 /* GameScorePrinter.m */; };
		453829EE250A096000CAB281 /* GameScorePrinter.m in Sources */ = {isa = PBXBuildFile; fileRef = 453829EC250A096000CAB281 /* GameScorePrinter.m */; };
		453829F0250A24B900CAB281 /* GameScoreCalculatorTest.m in Sources */ = {isa = PBXBuildFile; fileRef = 453829EF250A24B900CAB281 /* GameScoreCalculatorTest.m */; };
		453829F2250A55F600CAB281 /* InputPlayerParserTest.m in Sources */ = {isa = PBXBuildFile; fileRef = 453829F1250A55F600CAB281 /* InputPlayerParserTest.m */; };
		453CBD21250B8F1F00A9F811 /* InputPlayerReaderTest.m in Sources */ = {isa = PBXBuildFile; fileRef = 453CBD20250B8F1F00A9F811 /* InputPlayerReaderTest.m */; };
		453CBD23250BC3C000A9F811 /* GameScoreStringConverterTest.m in Sources */ = {isa = PBXBuildFile; fileRef = 453CBD22250BC3C000A9F811 /* GameScoreStringConverterTest.m */; };
		453CBD25250BC88400A9F811 /* GameScorePrinterTest.m in Sources */ = {isa = PBXBuildFile; fileRef = 453CBD24250BC88400A9F811 /* GameScorePrinterTest.m */; };
		453CBD28250BCB1E00A9F811 /* TennisGameFactory.m in Sources */ = {isa = PBXBuildFile; fileRef = 453CBD27250BCB1E00A9F811 /* TennisGameFactory.m */; };
		45AA574925093ECC00411DEB /* main.m in Sources */ = {isa = PBXBuildFile; fileRef = 45AA574825093ECC00411DEB /* main.m */; };
		45AA5756250940B400411DEB /* TennisGameTest.m in Sources */ = {isa = PBXBuildFile; fileRef = 45AA5755250940B400411DEB /* TennisGameTest.m */; };
		45AA575D2509415D00411DEB /* TennisGame.m in Sources */ = {isa = PBXBuildFile; fileRef = 45AA575C2509415D00411DEB /* TennisGame.m */; };
		45AA575E2509415D00411DEB /* TennisGame.m in Sources */ = {isa = PBXBuildFile; fileRef = 45AA575C2509415D00411DEB /* TennisGame.m */; };
		45AA57632509471B00411DEB /* Console.m in Sources */ = {isa = PBXBuildFile; fileRef = 45AA57622509471B00411DEB /* Console.m */; };
		45AA57642509471B00411DEB /* Console.m in Sources */ = {isa = PBXBuildFile; fileRef = 45AA57622509471B00411DEB /* Console.m */; };
		D130168FD361D68978171301 /* libPods-objective-c-tennis-game-test.a in Frameworks */ = {isa = PBXBuildFile; fileRef = 139C1AF49B3390D7D7C68B5A /* libPods-objective-c-tennis-game-test.a */; };
/* End PBXBuildFile section */

/* Begin PBXCopyFilesBuildPhase section */
		45AA574325093ECC00411DEB /* CopyFiles */ = {
			isa = PBXCopyFilesBuildPhase;
			buildActionMask = 2147483647;
			dstPath = /usr/share/man/man1/;
			dstSubfolderSpec = 0;
			files = (
			);
			runOnlyForDeploymentPostprocessing = 1;
		};
/* End PBXCopyFilesBuildPhase section */

/* Begin PBXFileReference section */
		139C1AF49B3390D7D7C68B5A /* libPods-objective-c-tennis-game-test.a */ = {isa = PBXFileReference; explicitFileType = archive.ar; includeInIndex = 0; path = "libPods-objective-c-tennis-game-test.a"; sourceTree = BUILT_PRODUCTS_DIR; };
		3ECDA2C38D8C89D33BDC0528 /* libPods-objective-c-tennis-game.a */ = {isa = PBXFileReference; explicitFileType = archive.ar; includeInIndex = 0; path = "libPods-objective-c-tennis-game.a"; sourceTree = BUILT_PRODUCTS_DIR; };
		453829C925094FF400CAB281 /* InputPlayerParser.h */ = {isa = PBXFileReference; lastKnownFileType = sourcecode.c.h; path = InputPlayerParser.h; sourceTree = "<group>"; };
		453829CA25094FF400CAB281 /* InputPlayerParser.m */ = {isa = PBXFileReference; lastKnownFileType = sourcecode.c.objc; path = InputPlayerParser.m; sourceTree = "<group>"; };
		453829CD2509780D00CAB281 /* GameScoreCalculator.h */ = {isa = PBXFileReference; lastKnownFileType = sourcecode.c.h; path = GameScoreCalculator.h; sourceTree = "<group>"; };
		453829CE2509780D00CAB281 /* GameScoreCalculator.m */ = {isa = PBXFileReference; lastKnownFileType = sourcecode.c.objc; path = GameScoreCalculator.m; sourceTree = "<group>"; };
		453829D12509796E00CAB281 /* Game.h */ = {isa = PBXFileReference; lastKnownFileType = sourcecode.c.h; path = Game.h; sourceTree = "<group>"; };
		453829D22509796E00CAB281 /* Game.m */ = {isa = PBXFileReference; lastKnownFileType = sourcecode.c.objc; path = Game.m; sourceTree = "<group>"; };
		453829D52509798300CAB281 /* Player.h */ = {isa = PBXFileReference; lastKnownFileType = sourcecode.c.h; path = Player.h; sourceTree = "<group>"; };
		453829D62509798300CAB281 /* Player.m */ = {isa = PBXFileReference; lastKnownFileType = sourcecode.c.objc; path = Player.m; sourceTree = "<group>"; };
		453829D92509799400CAB281 /* Score.h */ = {isa = PBXFileReference; lastKnownFileType = sourcecode.c.h; path = Score.h; sourceTree = "<group>"; };
		453829DC25097B8600CAB281 /* InputPlayer.h */ = {isa = PBXFileReference; lastKnownFileType = sourcecode.c.h; path = InputPlayer.h; sourceTree = "<group>"; };
		453829DF2509802500CAB281 /* GameFactory.h */ = {isa = PBXFileReference; lastKnownFileType = sourcecode.c.h; path = GameFactory.h; sourceTree = "<group>"; };
		453829E02509802500CAB281 /* GameFactory.m */ = {isa = PBXFileReference; lastKnownFileType = sourcecode.c.objc; path = GameFactory.m; sourceTree = "<group>"; };
		453829E32509815D00CAB281 /* GameScoreStringConverter.h */ = {isa = PBXFileReference; lastKnownFileType = sourcecode.c.h; path = GameScoreStringConverter.h; sourceTree = "<group>"; };
		453829E42509815D00CAB281 /* GameScoreStringConverter.m */ = {isa = PBXFileReference; lastKnownFileType = sourcecode.c.objc; path = GameScoreStringConverter.m; sourceTree = "<group>"; };
		453829E7250A073E00CAB281 /* InputPlayerReader.h */ = {isa = PBXFileReference; lastKnownFileType = sourcecode.c.h; path = InputPlayerReader.h; sourceTree = "<group>"; };
		453829E8250A073E00CAB281 /* InputPlayerReader.m */ = {isa = PBXFileReference; lastKnownFileType = sourcecode.c.objc; path = InputPlayerReader.m; sourceTree = "<group>"; };
		453829EB250A096000CAB281 /* GameScorePrinter.h */ = {isa = PBXFileReference; lastKnownFileType = sourcecode.c.h; path = GameScorePrinter.h; sourceTree = "<group>"; };
		453829EC250A096000CAB281 /* GameScorePrinter.m */ = {isa = PBXFileReference; lastKnownFileType = sourcecode.c.objc; path = GameScorePrinter.m; sourceTree = "<group>"; };
		453829EF250A24B900CAB281 /* GameScoreCalculatorTest.m */ = {isa = PBXFileReference; lastKnownFileType = sourcecode.c.objc; path = GameScoreCalculatorTest.m; sourceTree = "<group>"; };
		453829F1250A55F600CAB281 /* InputPlayerParserTest.m */ = {isa = PBXFileReference; lastKnownFileType = sourcecode.c.objc; path = InputPlayerParserTest.m; sourceTree = "<group>"; };
		453CBD20250B8F1F00A9F811 /* InputPlayerReaderTest.m */ = {isa = PBXFileReference; lastKnownFileType = sourcecode.c.objc; path = InputPlayerReaderTest.m; sourceTree = "<group>"; };
		453CBD22250BC3C000A9F811 /* GameScoreStringConverterTest.m */ = {isa = PBXFileReference; lastKnownFileType = sourcecode.c.objc; path = GameScoreStringConverterTest.m; sourceTree = "<group>"; };
		453CBD24250BC88400A9F811 /* GameScorePrinterTest.m */ = {isa = PBXFileReference; lastKnownFileType = sourcecode.c.objc; path = GameScorePrinterTest.m; sourceTree = "<group>"; };
		453CBD26250BCB1E00A9F811 /* TennisGameFactory.h */ = {isa = PBXFileReference; lastKnownFileType = sourcecode.c.h; path = TennisGameFactory.h; sourceTree = "<group>"; };
		453CBD27250BCB1E00A9F811 /* TennisGameFactory.m */ = {isa = PBXFileReference; lastKnownFileType = sourcecode.c.objc; path = TennisGameFactory.m; sourceTree = "<group>"; };
		45AA574525093ECC00411DEB /* objective-c-tennis-game */ = {isa = PBXFileReference; explicitFileType = "compiled.mach-o.executable"; includeInIndex = 0; path = "objective-c-tennis-game"; sourceTree = BUILT_PRODUCTS_DIR; };
		45AA574825093ECC00411DEB /* main.m */ = {isa = PBXFileReference; lastKnownFileType = sourcecode.c.objc; path = main.m; sourceTree = "<group>"; };
		45AA5753250940B400411DEB /* objective-c-tennis-game-test.xctest */ = {isa = PBXFileReference; explicitFileType = wrapper.cfbundle; includeInIndex = 0; path = "objective-c-tennis-game-test.xctest"; sourceTree = BUILT_PRODUCTS_DIR; };
		45AA5755250940B400411DEB /* TennisGameTest.m */ = {isa = PBXFileReference; lastKnownFileType = sourcecode.c.objc; path = TennisGameTest.m; sourceTree = "<group>"; };
		45AA5757250940B400411DEB /* Info.plist */ = {isa = PBXFileReference; lastKnownFileType = text.plist.xml; path = Info.plist; sourceTree = "<group>"; };
		45AA575B2509415D00411DEB /* TennisGame.h */ = {isa = PBXFileReference; lastKnownFileType = sourcecode.c.h; path = TennisGame.h; sourceTree = "<group>"; };
		45AA575C2509415D00411DEB /* TennisGame.m */ = {isa = PBXFileReference; lastKnownFileType = sourcecode.c.objc; path = TennisGame.m; sourceTree = "<group>"; };
		45AA57612509471B00411DEB /* Console.h */ = {isa = PBXFileReference; lastKnownFileType = sourcecode.c.h; path = Console.h; sourceTree = "<group>"; };
		45AA57622509471B00411DEB /* Console.m */ = {isa = PBXFileReference; lastKnownFileType = sourcecode.c.objc; path = Console.m; sourceTree = "<group>"; };
		6141DE1E8E870C013292661F /* Pods-objective-c-tennis-game-test.release.xcconfig */ = {isa = PBXFileReference; includeInIndex = 1; lastKnownFileType = text.xcconfig; name = "Pods-objective-c-tennis-game-test.release.xcconfig"; path = "Target Support Files/Pods-objective-c-tennis-game-test/Pods-objective-c-tennis-game-test.release.xcconfig"; sourceTree = "<group>"; };
		C2966BC781A5AF97F1C4B2F6 /* Pods-objective-c-tennis-game-test.debug.xcconfig */ = {isa = PBXFileReference; includeInIndex = 1; lastKnownFileType = text.xcconfig; name = "Pods-objective-c-tennis-game-test.debug.xcconfig"; path = "Target Support Files/Pods-objective-c-tennis-game-test/Pods-objective-c-tennis-game-test.debug.xcconfig"; sourceTree = "<group>"; };
		D8F1A7240DD02A7BEFB5E3F2 /* Pods-objective-c-tennis-game.debug.xcconfig */ = {isa = PBXFileReference; includeInIndex = 1; lastKnownFileType = text.xcconfig; name = "Pods-objective-c-tennis-game.debug.xcconfig"; path = "Target Support Files/Pods-objective-c-tennis-game/Pods-objective-c-tennis-game.debug.xcconfig"; sourceTree = "<group>"; };
		DCB94C60195AB727A241690B /* Pods-objective-c-tennis-game.release.xcconfig */ = {isa = PBXFileReference; includeInIndex = 1; lastKnownFileType = text.xcconfig; name = "Pods-objective-c-tennis-game.release.xcconfig"; path = "Target Support Files/Pods-objective-c-tennis-game/Pods-objective-c-tennis-game.release.xcconfig"; sourceTree = "<group>"; };
/* End PBXFileReference section */

/* Begin PBXFrameworksBuildPhase section */
		45AA574225093ECC00411DEB /* Frameworks */ = {
			isa = PBXFrameworksBuildPhase;
			buildActionMask = 2147483647;
			files = (
				1C438008B717042F46C69082 /* libPods-objective-c-tennis-game.a in Frameworks */,
			);
			runOnlyForDeploymentPostprocessing = 0;
		};
		45AA5750250940B400411DEB /* Frameworks */ = {
			isa = PBXFrameworksBuildPhase;
			buildActionMask = 2147483647;
			files = (
				D130168FD361D68978171301 /* libPods-objective-c-tennis-game-test.a in Frameworks */,
			);
			runOnlyForDeploymentPostprocessing = 0;
		};
/* End PBXFrameworksBuildPhase section */

/* Begin PBXGroup section */
		45AA573C25093ECC00411DEB = {
			isa = PBXGroup;
			children = (
				45AA574725093ECC00411DEB /* objective-c-tennis-game */,
				45AA5754250940B400411DEB /* objective-c-tennis-game-test */,
				45AA574625093ECC00411DEB /* Products */,
				7242BB882EEFE291351F6346 /* Pods */,
				6FBF31959EDEFAAF6E34F8D4 /* Frameworks */,
			);
			sourceTree = "<group>";
		};
		45AA574625093ECC00411DEB /* Products */ = {
			isa = PBXGroup;
			children = (
				45AA574525093ECC00411DEB /* objective-c-tennis-game */,
				45AA5753250940B400411DEB /* objective-c-tennis-game-test.xctest */,
			);
			name = Products;
			sourceTree = "<group>";
		};
		45AA574725093ECC00411DEB /* objective-c-tennis-game */ = {
			isa = PBXGroup;
			children = (
				45AA574825093ECC00411DEB /* main.m */,
				45AA575B2509415D00411DEB /* TennisGame.h */,
				45AA575C2509415D00411DEB /* TennisGame.m */,
				45AA57612509471B00411DEB /* Console.h */,
				45AA57622509471B00411DEB /* Console.m */,
				453829C925094FF400CAB281 /* InputPlayerParser.h */,
				453829CA25094FF400CAB281 /* InputPlayerParser.m */,
				453829CD2509780D00CAB281 /* GameScoreCalculator.h */,
				453829CE2509780D00CAB281 /* GameScoreCalculator.m */,
				453829D12509796E00CAB281 /* Game.h */,
				453829D22509796E00CAB281 /* Game.m */,
				453829D52509798300CAB281 /* Player.h */,
				453829D62509798300CAB281 /* Player.m */,
				453829D92509799400CAB281 /* Score.h */,
				453829DC25097B8600CAB281 /* InputPlayer.h */,
				453829DF2509802500CAB281 /* GameFactory.h */,
				453829E02509802500CAB281 /* GameFactory.m */,
				453829E32509815D00CAB281 /* GameScoreStringConverter.h */,
				453829E42509815D00CAB281 /* GameScoreStringConverter.m */,
				453829E7250A073E00CAB281 /* InputPlayerReader.h */,
				453829E8250A073E00CAB281 /* InputPlayerReader.m */,
				453829EB250A096000CAB281 /* GameScorePrinter.h */,
				453829EC250A096000CAB281 /* GameScorePrinter.m */,
				453CBD26250BCB1E00A9F811 /* TennisGameFactory.h */,
				453CBD27250BCB1E00A9F811 /* TennisGameFactory.m */,
			);
			path = "objective-c-tennis-game";
			sourceTree = "<group>";
		};
		45AA5754250940B400411DEB /* objective-c-tennis-game-test */ = {
			isa = PBXGroup;
			children = (
				45AA5755250940B400411DEB /* TennisGameTest.m */,
				45AA5757250940B400411DEB /* Info.plist */,
				453829EF250A24B900CAB281 /* GameScoreCalculatorTest.m */,
				453829F1250A55F600CAB281 /* InputPlayerParserTest.m */,
				453CBD20250B8F1F00A9F811 /* InputPlayerReaderTest.m */,
				453CBD22250BC3C000A9F811 /* GameScoreStringConverterTest.m */,
				453CBD24250BC88400A9F811 /* GameScorePrinterTest.m */,
			);
			path = "objective-c-tennis-game-test";
			sourceTree = "<group>";
		};
		6FBF31959EDEFAAF6E34F8D4 /* Frameworks */ = {
			isa = PBXGroup;
			children = (
				3ECDA2C38D8C89D33BDC0528 /* libPods-objective-c-tennis-game.a */,
				139C1AF49B3390D7D7C68B5A /* libPods-objective-c-tennis-game-test.a */,
			);
			name = Frameworks;
			sourceTree = "<group>";
		};
		7242BB882EEFE291351F6346 /* Pods */ = {
			isa = PBXGroup;
			children = (
				D8F1A7240DD02A7BEFB5E3F2 /* Pods-objective-c-tennis-game.debug.xcconfig */,
				DCB94C60195AB727A241690B /* Pods-objective-c-tennis-game.release.xcconfig */,
				C2966BC781A5AF97F1C4B2F6 /* Pods-objective-c-tennis-game-test.debug.xcconfig */,
				6141DE1E8E870C013292661F /* Pods-objective-c-tennis-game-test.release.xcconfig */,
			);
			path = Pods;
			sourceTree = "<group>";
		};
/* End PBXGroup section */

/* Begin PBXNativeTarget section */
		45AA574425093ECC00411DEB /* objective-c-tennis-game */ = {
			isa = PBXNativeTarget;
			buildConfigurationList = 45AA574C25093ECC00411DEB /* Build configuration list for PBXNativeTarget "objective-c-tennis-game" */;
			buildPhases = (
				113E81623CF2213C3DE6F535 /* [CP] Check Pods Manifest.lock */,
				45AA574125093ECC00411DEB /* Sources */,
				45AA574225093ECC00411DEB /* Frameworks */,
				45AA574325093ECC00411DEB /* CopyFiles */,
			);
			buildRules = (
			);
			dependencies = (
			);
			name = "objective-c-tennis-game";
			productName = "objective-c-tennis-game";
			productReference = 45AA574525093ECC00411DEB /* objective-c-tennis-game */;
			productType = "com.apple.product-type.tool";
		};
		45AA5752250940B400411DEB /* objective-c-tennis-game-test */ = {
			isa = PBXNativeTarget;
			buildConfigurationList = 45AA5758250940B400411DEB /* Build configuration list for PBXNativeTarget "objective-c-tennis-game-test" */;
			buildPhases = (
				A14132595C296A27E2AFCBBA /* [CP] Check Pods Manifest.lock */,
				45AA574F250940B400411DEB /* Sources */,
				45AA5750250940B400411DEB /* Frameworks */,
				45AA5751250940B400411DEB /* Resources */,
			);
			buildRules = (
			);
			dependencies = (
			);
			name = "objective-c-tennis-game-test";
			productName = "objective-c-tennis-game-test";
			productReference = 45AA5753250940B400411DEB /* objective-c-tennis-game-test.xctest */;
			productType = "com.apple.product-type.bundle.unit-test";
		};
/* End PBXNativeTarget section */

/* Begin PBXProject section */
		45AA573D25093ECC00411DEB /* Project object */ = {
			isa = PBXProject;
			attributes = {
				LastUpgradeCheck = 1200;
				ORGANIZATIONNAME = "Fabrizio Duroni";
				TargetAttributes = {
					45AA574425093ECC00411DEB = {
						CreatedOnToolsVersion = 11.7;
					};
					45AA5752250940B400411DEB = {
						CreatedOnToolsVersion = 11.7;
					};
				};
			};
			buildConfigurationList = 45AA574025093ECC00411DEB /* Build configuration list for PBXProject "objective-c-tennis-game" */;
			compatibilityVersion = "Xcode 9.3";
			developmentRegion = en;
			hasScannedForEncodings = 0;
			knownRegions = (
				en,
				Base,
			);
			mainGroup = 45AA573C25093ECC00411DEB;
			productRefGroup = 45AA574625093ECC00411DEB /* Products */;
			projectDirPath = "";
			projectRoot = "";
			targets = (
				45AA574425093ECC00411DEB /* objective-c-tennis-game */,
				45AA5752250940B400411DEB /* objective-c-tennis-game-test */,
			);
		};
/* End PBXProject section */

/* Begin PBXResourcesBuildPhase section */
		45AA5751250940B400411DEB /* Resources */ = {
			isa = PBXResourcesBuildPhase;
			buildActionMask = 2147483647;
			files = (
			);
			runOnlyForDeploymentPostprocessing = 0;
		};
/* End PBXResourcesBuildPhase section */

/* Begin PBXShellScriptBuildPhase section */
		113E81623CF2213C3DE6F535 /* [CP] Check Pods Manifest.lock */ = {
			isa = PBXShellScriptBuildPhase;
			buildActionMask = 2147483647;
			files = (
			);
			inputFileListPaths = (
			);
			inputPaths = (
				"${PODS_PODFILE_DIR_PATH}/Podfile.lock",
				"${PODS_ROOT}/Manifest.lock",
			);
			name = "[CP] Check Pods Manifest.lock";
			outputFileListPaths = (
			);
			outputPaths = (
				"$(DERIVED_FILE_DIR)/Pods-objective-c-tennis-game-checkManifestLockResult.txt",
			);
			runOnlyForDeploymentPostprocessing = 0;
			shellPath = /bin/sh;
			shellScript = "diff \"${PODS_PODFILE_DIR_PATH}/Podfile.lock\" \"${PODS_ROOT}/Manifest.lock\" > /dev/null\nif [ $? != 0 ] ; then\n    # print error to STDERR\n    echo \"error: The sandbox is not in sync with the Podfile.lock. Run 'pod install' or update your CocoaPods installation.\" >&2\n    exit 1\nfi\n# This output is used by Xcode 'outputs' to avoid re-running this script phase.\necho \"SUCCESS\" > \"${SCRIPT_OUTPUT_FILE_0}\"\n";
			showEnvVarsInLog = 0;
		};
		A14132595C296A27E2AFCBBA /* [CP] Check Pods Manifest.lock */ = {
			isa = PBXShellScriptBuildPhase;
			buildActionMask = 2147483647;
			files = (
			);
			inputFileListPaths = (
			);
			inputPaths = (
				"${PODS_PODFILE_DIR_PATH}/Podfile.lock",
				"${PODS_ROOT}/Manifest.lock",
			);
			name = "[CP] Check Pods Manifest.lock";
			outputFileListPaths = (
			);
			outputPaths = (
				"$(DERIVED_FILE_DIR)/Pods-objective-c-tennis-game-test-checkManifestLockResult.txt",
			);
			runOnlyForDeploymentPostprocessing = 0;
			shellPath = /bin/sh;
			shellScript = "diff \"${PODS_PODFILE_DIR_PATH}/Podfile.lock\" \"${PODS_ROOT}/Manifest.lock\" > /dev/null\nif [ $? != 0 ] ; then\n    # print error to STDERR\n    echo \"error: The sandbox is not in sync with the Podfile.lock. Run 'pod install' or update your CocoaPods installation.\" >&2\n    exit 1\nfi\n# This output is used by Xcode 'outputs' to avoid re-running this script phase.\necho \"SUCCESS\" > \"${SCRIPT_OUTPUT_FILE_0}\"\n";
			showEnvVarsInLog = 0;
		};
/* End PBXShellScriptBuildPhase section */

/* Begin PBXSourcesBuildPhase section */
		45AA574125093ECC00411DEB /* Sources */ = {
			isa = PBXSourcesBuildPhase;
			buildActionMask = 2147483647;
			files = (
				453829CB25094FF400CAB281 /* InputPlayerParser.m in Sources */,
				453829E52509815D00CAB281 /* GameScoreStringConverter.m in Sources */,
				45AA575D2509415D00411DEB /* TennisGame.m in Sources */,
				453829E12509802500CAB281 /* GameFactory.m in Sources */,
				45AA57632509471B00411DEB /* Console.m in Sources */,
				453829D32509796E00CAB281 /* Game.m in Sources */,
				45AA574925093ECC00411DEB /* main.m in Sources */,
				453CBD28250BCB1E00A9F811 /* TennisGameFactory.m in Sources */,
				453829ED250A096000CAB281 /* GameScorePrinter.m in Sources */,
				453829D72509798300CAB281 /* Player.m in Sources */,
				453829DA2509799400CAB281 /* Score.h in Sources */,
				453829E9250A073E00CAB281 /* InputPlayerReader.m in Sources */,
				453829CF2509780D00CAB281 /* GameScoreCalculator.m in Sources */,
				453829DD25097B8600CAB281 /* InputPlayer.h in Sources */,
			);
			runOnlyForDeploymentPostprocessing = 0;
		};
		45AA574F250940B400411DEB /* Sources */ = {
			isa = PBXSourcesBuildPhase;
			buildActionMask = 2147483647;
			files = (
				453829CC2509508000CAB281 /* InputPlayerParser.m in Sources */,
				453829E62509815D00CAB281 /* GameScoreStringConverter.m in Sources */,
				453CBD21250B8F1F00A9F811 /* InputPlayerReaderTest.m in Sources */,
				45AA575E2509415D00411DEB /* TennisGame.m in Sources */,
				453829E22509802500CAB281 /* GameFactory.m in Sources */,
				45AA57642509471B00411DEB /* Console.m in Sources */,
				453829D42509796E00CAB281 /* Game.m in Sources */,
				453829F0250A24B900CAB281 /* GameScoreCalculatorTest.m in Sources */,
				45AA5756250940B400411DEB /* TennisGameTest.m in Sources */,
				453CBD23250BC3C000A9F811 /* GameScoreStringConverterTest.m in Sources */,
				453829EE250A096000CAB281 /* GameScorePrinter.m in Sources */,
				453CBD25250BC88400A9F811 /* GameScorePrinterTest.m in Sources */,
				453829D82509798300CAB281 /* Player.m in Sources */,
				453829DB2509799400CAB281 /* Score.h in Sources */,
				453829EA250A073E00CAB281 /* InputPlayerReader.m in Sources */,
				453829D02509780D00CAB281 /* GameScoreCalculator.m in Sources */,
				453829F2250A55F600CAB281 /* InputPlayerParserTest.m in Sources */,
				453829DE25097B8600CAB281 /* InputPlayer.h in Sources */,
			);
			runOnlyForDeploymentPostprocessing = 0;
		};
/* End PBXSourcesBuildPhase section */

/* Begin XCBuildConfiguration section */
		45AA574A25093ECC00411DEB /* Debug */ = {
			isa = XCBuildConfiguration;
			buildSettings = {
				ALWAYS_SEARCH_USER_PATHS = NO;
				CLANG_ANALYZER_NONNULL = YES;
				CLANG_ANALYZER_NUMBER_OBJECT_CONVERSION = YES_AGGRESSIVE;
				CLANG_CXX_LANGUAGE_STANDARD = "gnu++14";
				CLANG_CXX_LIBRARY = "libc++";
				CLANG_ENABLE_MODULES = YES;
				CLANG_ENABLE_OBJC_ARC = YES;
				CLANG_ENABLE_OBJC_WEAK = YES;
				CLANG_WARN_BLOCK_CAPTURE_AUTORELEASING = YES;
				CLANG_WARN_BOOL_CONVERSION = YES;
				CLANG_WARN_COMMA = YES;
				CLANG_WARN_CONSTANT_CONVERSION = YES;
				CLANG_WARN_DEPRECATED_OBJC_IMPLEMENTATIONS = YES;
				CLANG_WARN_DIRECT_OBJC_ISA_USAGE = YES_ERROR;
				CLANG_WARN_DOCUMENTATION_COMMENTS = YES;
				CLANG_WARN_EMPTY_BODY = YES;
				CLANG_WARN_ENUM_CONVERSION = YES;
				CLANG_WARN_INFINITE_RECURSION = YES;
				CLANG_WARN_INT_CONVERSION = YES;
				CLANG_WARN_NON_LITERAL_NULL_CONVERSION = YES;
				CLANG_WARN_OBJC_IMPLICIT_RETAIN_SELF = YES;
				CLANG_WARN_OBJC_LITERAL_CONVERSION = YES;
				CLANG_WARN_OBJC_ROOT_CLASS = YES_ERROR;
				CLANG_WARN_QUOTED_INCLUDE_IN_FRAMEWORK_HEADER = YES;
				CLANG_WARN_RANGE_LOOP_ANALYSIS = YES;
				CLANG_WARN_STRICT_PROTOTYPES = YES;
				CLANG_WARN_SUSPICIOUS_MOVE = YES;
				CLANG_WARN_UNGUARDED_AVAILABILITY = YES_AGGRESSIVE;
				CLANG_WARN_UNREACHABLE_CODE = YES;
				CLANG_WARN__DUPLICATE_METHOD_MATCH = YES;
				COPY_PHASE_STRIP = NO;
				DEBUG_INFORMATION_FORMAT = dwarf;
				ENABLE_STRICT_OBJC_MSGSEND = YES;
				ENABLE_TESTABILITY = YES;
				GCC_C_LANGUAGE_STANDARD = gnu11;
				GCC_DYNAMIC_NO_PIC = NO;
				GCC_NO_COMMON_BLOCKS = YES;
				GCC_OPTIMIZATION_LEVEL = 0;
				GCC_PREPROCESSOR_DEFINITIONS = (
					"DEBUG=1",
					"$(inherited)",
				);
				GCC_WARN_64_TO_32_BIT_CONVERSION = YES;
				GCC_WARN_ABOUT_RETURN_TYPE = YES_ERROR;
				GCC_WARN_UNDECLARED_SELECTOR = YES;
				GCC_WARN_UNINITIALIZED_AUTOS = YES_AGGRESSIVE;
				GCC_WARN_UNUSED_FUNCTION = YES;
				GCC_WARN_UNUSED_VARIABLE = YES;
				MACOSX_DEPLOYMENT_TARGET = 10.15;
				MTL_ENABLE_DEBUG_INFO = INCLUDE_SOURCE;
				MTL_FAST_MATH = YES;
				ONLY_ACTIVE_ARCH = YES;
				SDKROOT = macosx;
			};
			name = Debug;
		};
		45AA574B25093ECC00411DEB /* Release */ = {
			isa = XCBuildConfiguration;
			buildSettings = {
				ALWAYS_SEARCH_USER_PATHS = NO;
				CLANG_ANALYZER_NONNULL = YES;
				CLANG_ANALYZER_NUMBER_OBJECT_CONVERSION = YES_AGGRESSIVE;
				CLANG_CXX_LANGUAGE_STANDARD = "gnu++14";
				CLANG_CXX_LIBRARY = "libc++";
				CLANG_ENABLE_MODULES = YES;
				CLANG_ENABLE_OBJC_ARC = YES;
				CLANG_ENABLE_OBJC_WEAK = YES;
				CLANG_WARN_BLOCK_CAPTURE_AUTORELEASING = YES;
				CLANG_WARN_BOOL_CONVERSION = YES;
				CLANG_WARN_COMMA = YES;
				CLANG_WARN_CONSTANT_CONVERSION = YES;
				CLANG_WARN_DEPRECATED_OBJC_IMPLEMENTATIONS = YES;
				CLANG_WARN_DIRECT_OBJC_ISA_USAGE = YES_ERROR;
				CLANG_WARN_DOCUMENTATION_COMMENTS = YES;
				CLANG_WARN_EMPTY_BODY = YES;
				CLANG_WARN_ENUM_CONVERSION = YES;
				CLANG_WARN_INFINITE_RECURSION = YES;
				CLANG_WARN_INT_CONVERSION = YES;
				CLANG_WARN_NON_LITERAL_NULL_CONVERSION = YES;
				CLANG_WARN_OBJC_IMPLICIT_RETAIN_SELF = YES;
				CLANG_WARN_OBJC_LITERAL_CONVERSION = YES;
				CLANG_WARN_OBJC_ROOT_CLASS = YES_ERROR;
				CLANG_WARN_QUOTED_INCLUDE_IN_FRAMEWORK_HEADER = YES;
				CLANG_WARN_RANGE_LOOP_ANALYSIS = YES;
				CLANG_WARN_STRICT_PROTOTYPES = YES;
				CLANG_WARN_SUSPICIOUS_MOVE = YES;
				CLANG_WARN_UNGUARDED_AVAILABILITY = YES_AGGRESSIVE;
				CLANG_WARN_UNREACHABLE_CODE = YES;
				CLANG_WARN__DUPLICATE_METHOD_MATCH = YES;
				COPY_PHASE_STRIP = NO;
				DEBUG_INFORMATION_FORMAT = "dwarf-with-dsym";
				ENABLE_NS_ASSERTIONS = NO;
				ENABLE_STRICT_OBJC_MSGSEND = YES;
				GCC_C_LANGUAGE_STANDARD = gnu11;
				GCC_NO_COMMON_BLOCKS = YES;
				GCC_WARN_64_TO_32_BIT_CONVERSION = YES;
				GCC_WARN_ABOUT_RETURN_TYPE = YES_ERROR;
				GCC_WARN_UNDECLARED_SELECTOR = YES;
				GCC_WARN_UNINITIALIZED_AUTOS = YES_AGGRESSIVE;
				GCC_WARN_UNUSED_FUNCTION = YES;
				GCC_WARN_UNUSED_VARIABLE = YES;
				MACOSX_DEPLOYMENT_TARGET = 10.15;
				MTL_ENABLE_DEBUG_INFO = NO;
				MTL_FAST_MATH = YES;
				SDKROOT = macosx;
			};
			name = Release;
		};
		45AA574D25093ECC00411DEB /* Debug */ = {
			isa = XCBuildConfiguration;
			baseConfigurationReference = D8F1A7240DD02A7BEFB5E3F2 /* Pods-objective-c-tennis-game.debug.xcconfig */;
			buildSettings = {
				CODE_SIGN_IDENTITY = "-";
				CODE_SIGN_STYLE = Automatic;
				DEVELOPMENT_TEAM = Y682K92RZU;
				ENABLE_HARDENED_RUNTIME = YES;
				PRODUCT_NAME = "$(TARGET_NAME)";
			};
			name = Debug;
		};
		45AA574E25093ECC00411DEB /* Release */ = {
			isa = XCBuildConfiguration;
			baseConfigurationReference = DCB94C60195AB727A241690B /* Pods-objective-c-tennis-game.release.xcconfig */;
			buildSettings = {
				CODE_SIGN_IDENTITY = "-";
				CODE_SIGN_STYLE = Automatic;
				DEVELOPMENT_TEAM = Y682K92RZU;
				ENABLE_HARDENED_RUNTIME = YES;
				PRODUCT_NAME = "$(TARGET_NAME)";
			};
			name = Release;
		};
		45AA5759250940B400411DEB /* Debug */ = {
			isa = XCBuildConfiguration;
			baseConfigurationReference = C2966BC781A5AF97F1C4B2F6 /* Pods-objective-c-tennis-game-test.debug.xcconfig */;
			buildSettings = {
				CODE_SIGN_STYLE = Automatic;
				COMBINE_HIDPI_IMAGES = YES;
				DEVELOPMENT_TEAM = Y682K92RZU;
				FRAMEWORK_SEARCH_PATHS = (
					"$(inherited)",
					"$(PROJECT_DIR)/objective-c-tennis-game-test",
				);
				INFOPLIST_FILE = "objective-c-tennis-game-test/Info.plist";
				LD_RUNPATH_SEARCH_PATHS = (
					"$(inherited)",
					"@executable_path/../Frameworks",
					"@loader_path/../Frameworks",
					"$(PROJECT_DIR)/objective-c-tennis-game-test/OCMock",
				);
				PRODUCT_BUNDLE_IDENTIFIER = "it.chicio.objective-c-tennis-game-test";
				PRODUCT_NAME = "$(TARGET_NAME)";
			};
			name = Debug;
		};
		45AA575A250940B400411DEB /* Release */ = {
			isa = XCBuildConfiguration;
			baseConfigurationReference = 6141DE1E8E870C013292661F /* Pods-objective-c-tennis-game-test.release.xcconfig */;
			buildSettings = {
				CODE_SIGN_STYLE = Automatic;
				COMBINE_HIDPI_IMAGES = YES;
				DEVELOPMENT_TEAM = Y682K92RZU;
				FRAMEWORK_SEARCH_PATHS = (
					"$(inherited)",
					"$(PROJECT_DIR)/objective-c-tennis-game-test",
				);
				INFOPLIST_FILE = "objective-c-tennis-game-test/Info.plist";
				LD_RUNPATH_SEARCH_PATHS = (
					"$(inherited)",
					"@executable_path/../Frameworks",
					"@loader_path/../Frameworks",
					"$(PROJECT_DIR)/objective-c-tennis-game-test/OCMock",
				);
				PRODUCT_BUNDLE_IDENTIFIER = "it.chicio.objective-c-tennis-game-test";
				PRODUCT_NAME = "$(TARGET_NAME)";
			};
			name = Release;
		};
/* End XCBuildConfiguration section */

/* Begin XCConfigurationList section */
		45AA574025093ECC00411DEB /* Build configuration list for PBXProject "objective-c-tennis-game" */ = {
			isa = XCConfigurationList;
			buildConfigurations = (
				45AA574A25093ECC00411DEB /* Debug */,
				45AA574B25093ECC00411DEB /* Release */,
			);
			defaultConfigurationIsVisible = 0;
			defaultConfigurationName = Release;
		};
		45AA574C25093ECC00411DEB /* Build configuration list for PBXNativeTarget "objective-c-tennis-game" */ = {
			isa = XCConfigurationList;
			buildConfigurations = (
				45AA574D25093ECC00411DEB /* Debug */,
				45AA574E25093ECC00411DEB /* Release */,
			);
			defaultConfigurationIsVisible = 0;
			defaultConfigurationName = Release;
		};
		45AA5758250940B400411DEB /* Build configuration list for PBXNativeTarget "objective-c-tennis-game-test" */ = {
			isa = XCConfigurationList;
			buildConfigurations = (
				45AA5759250940B400411DEB /* Debug */,
				45AA575A250940B400411DEB /* Release */,
			);
			defaultConfigurationIsVisible = 0;
			defaultConfigurationName = Release;
		};
/* End XCConfigurationList section */
	};
	rootObject = 45AA573D25093ECC00411DEB /* Project object */;
}
