// !$*UTF8*$!
{
	archiveVersion = 1;
	classes = {
	};
	objectVersion = 52;
	objects = {

/* Begin PBXBuildFile section */
		452D9D1A2524CD1500473639 /* main.swift in Sources */ = {isa = PBXBuildFile; fileRef = 452D9D192524CD1500473639 /* main.swift */; };
		452D9D5D2524CE2B00473639 /* BowEffects in Frameworks */ = {isa = PBXBuildFile; productRef = 452D9D5C2524CE2B00473639 /* BowEffects */; };
		452D9D5F2524CE2B00473639 /* BowOptics in Frameworks */ = {isa = PBXBuildFile; productRef = 452D9D5E2524CE2B00473639 /* BowOptics */; };
		452D9D612524CE2B00473639 /* Bow in Frameworks */ = {isa = PBXBuildFile; productRef = 452D9D602524CE2B00473639 /* Bow */; };
		452D9D6A2524D30500473639 /* swift_bow_game_of_life_test.swift in Sources */ = {isa = PBXBuildFile; fileRef = 452D9D692524D30500473639 /* swift_bow_game_of_life_test.swift */; };
		452D9D732524D34B00473639 /* Bow in Frameworks */ = {isa = PBXBuildFile; productRef = 452D9D722524D34B00473639 /* Bow */; };
		452D9D752524D34B00473639 /* BowEffects in Frameworks */ = {isa = PBXBuildFile; productRef = 452D9D742524D34B00473639 /* BowEffects */; };
		452D9D772524D34B00473639 /* BowOptics in Frameworks */ = {isa = PBXBuildFile; productRef = 452D9D762524D34B00473639 /* BowOptics */; };
		452D9D8B2524E3A000473639 /* Data.swift in Sources */ = {isa = PBXBuildFile; fileRef = 452D9D8A2524E3A000473639 /* Data.swift */; };
		452D9D8E2524E3AC00473639 /* Data.swift in Sources */ = {isa = PBXBuildFile; fileRef = 452D9D8A2524E3A000473639 /* Data.swift */; };
		452D9D922524E64D00473639 /* Console.swift in Sources */ = {isa = PBXBuildFile; fileRef = 452D9D912524E64C00473639 /* Console.swift */; };
		452D9D932524E64D00473639 /* Console.swift in Sources */ = {isa = PBXBuildFile; fileRef = 452D9D912524E64C00473639 /* Console.swift */; };
		452D9D992524E6B800473639 /* GamePlay.swift in Sources */ = {isa = PBXBuildFile; fileRef = 452D9D982524E6B800473639 /* GamePlay.swift */; };
		452D9D9A2524E6B800473639 /* GamePlay.swift in Sources */ = {isa = PBXBuildFile; fileRef = 452D9D982524E6B800473639 /* GamePlay.swift */; };
/* End PBXBuildFile section */

/* Begin PBXCopyFilesBuildPhase section */
		452D9D142524CD1500473639 /* CopyFiles */ = {
			isa = PBXCopyFilesBuildPhase;
			buildActionMask = 2147483647;
			dstPath = /usr/share/man/man1/;
			dstSubfolderSpec = 0;
			files = (
			);
			runOnlyForDeploymentPostprocessing = 1;
		};
/* End PBXCopyFilesBuildPhase section */

/* Begin PBXFileReference section */
		452D9D162524CD1500473639 /* swift-bow-game-of-life */ = {isa = PBXFileReference; explicitFileType = "compiled.mach-o.executable"; includeInIndex = 0; path = "swift-bow-game-of-life"; sourceTree = BUILT_PRODUCTS_DIR; };
		452D9D192524CD1500473639 /* main.swift */ = {isa = PBXFileReference; lastKnownFileType = sourcecode.swift; path = main.swift; sourceTree = "<group>"; };
		452D9D672524D30500473639 /* swift-bow-game-of-life-test.xctest */ = {isa = PBXFileReference; explicitFileType = wrapper.cfbundle; includeInIndex = 0; path = "swift-bow-game-of-life-test.xctest"; sourceTree = BUILT_PRODUCTS_DIR; };
		452D9D692524D30500473639 /* swift_bow_game_of_life_test.swift */ = {isa = PBXFileReference; lastKnownFileType = sourcecode.swift; path = swift_bow_game_of_life_test.swift; sourceTree = "<group>"; };
		452D9D6B2524D30500473639 /* Info.plist */ = {isa = PBXFileReference; lastKnownFileType = text.plist.xml; path = Info.plist; sourceTree = "<group>"; };
		452D9D8A2524E3A000473639 /* Data.swift */ = {isa = PBXFileReference; lastKnownFileType = sourcecode.swift; path = Data.swift; sourceTree = "<group>"; };
		452D9D912524E64C00473639 /* Console.swift */ = {isa = PBXFileReference; fileEncoding = 4; lastKnownFileType = sourcecode.swift; path = Console.swift; sourceTree = "<group>"; };
		452D9D982524E6B800473639 /* GamePlay.swift */ = {isa = PBXFileReference; lastKnownFileType = sourcecode.swift; path = GamePlay.swift; sourceTree = "<group>"; };
/* End PBXFileReference section */

/* Begin PBXFrameworksBuildPhase section */
		452D9D132524CD1500473639 /* Frameworks */ = {
			isa = PBXFrameworksBuildPhase;
			buildActionMask = 2147483647;
			files = (
				452D9D612524CE2B00473639 /* Bow in Frameworks */,
				452D9D5D2524CE2B00473639 /* BowEffects in Frameworks */,
				452D9D5F2524CE2B00473639 /* BowOptics in Frameworks */,
			);
			runOnlyForDeploymentPostprocessing = 0;
		};
		452D9D642524D30500473639 /* Frameworks */ = {
			isa = PBXFrameworksBuildPhase;
			buildActionMask = 2147483647;
			files = (
				452D9D772524D34B00473639 /* BowOptics in Frameworks */,
				452D9D752524D34B00473639 /* BowEffects in Frameworks */,
				452D9D732524D34B00473639 /* Bow in Frameworks */,
			);
			runOnlyForDeploymentPostprocessing = 0;
		};
/* End PBXFrameworksBuildPhase section */

/* Begin PBXGroup section */
		452D9D0D2524CD1500473639 = {
			isa = PBXGroup;
			children = (
				452D9D182524CD1500473639 /* swift-bow-game-of-life */,
				452D9D682524D30500473639 /* swift-bow-game-of-life-test */,
				452D9D172524CD1500473639 /* Products */,
				452D9D712524D34B00473639 /* Frameworks */,
			);
			sourceTree = "<group>";
		};
		452D9D172524CD1500473639 /* Products */ = {
			isa = PBXGroup;
			children = (
				452D9D162524CD1500473639 /* swift-bow-game-of-life */,
				452D9D672524D30500473639 /* swift-bow-game-of-life-test.xctest */,
			);
			name = Products;
			sourceTree = "<group>";
		};
		452D9D182524CD1500473639 /* swift-bow-game-of-life */ = {
			isa = PBXGroup;
			children = (
				452D9D912524E64C00473639 /* Console.swift */,
				452D9D192524CD1500473639 /* main.swift */,
				452D9D8A2524E3A000473639 /* Data.swift */,
				452D9D982524E6B800473639 /* GamePlay.swift */,
			);
			path = "swift-bow-game-of-life";
			sourceTree = "<group>";
		};
		452D9D682524D30500473639 /* swift-bow-game-of-life-test */ = {
			isa = PBXGroup;
			children = (
				452D9D692524D30500473639 /* swift_bow_game_of_life_test.swift */,
				452D9D6B2524D30500473639 /* Info.plist */,
			);
			path = "swift-bow-game-of-life-test";
			sourceTree = "<group>";
		};
		452D9D712524D34B00473639 /* Frameworks */ = {
			isa = PBXGroup;
			children = (
			);
			name = Frameworks;
			sourceTree = "<group>";
		};
/* End PBXGroup section */

/* Begin PBXNativeTarget section */
		452D9D152524CD1500473639 /* swift-bow-game-of-life */ = {
			isa = PBXNativeTarget;
			buildConfigurationList = 452D9D1D2524CD1500473639 /* Build configuration list for PBXNativeTarget "swift-bow-game-of-life" */;
			buildPhases = (
				452D9D122524CD1500473639 /* Sources */,
				452D9D132524CD1500473639 /* Frameworks */,
				452D9D142524CD1500473639 /* CopyFiles */,
			);
			buildRules = (
			);
			dependencies = (
			);
			name = "swift-bow-game-of-life";
			packageProductDependencies = (
				452D9D5C2524CE2B00473639 /* BowEffects */,
				452D9D5E2524CE2B00473639 /* BowOptics */,
				452D9D602524CE2B00473639 /* Bow */,
			);
			productName = "swift-bow-game-of-life";
			productReference = 452D9D162524CD1500473639 /* swift-bow-game-of-life */;
			productType = "com.apple.product-type.tool";
		};
		452D9D662524D30500473639 /* swift-bow-game-of-life-test */ = {
			isa = PBXNativeTarget;
			buildConfigurationList = 452D9D6C2524D30500473639 /* Build configuration list for PBXNativeTarget "swift-bow-game-of-life-test" */;
			buildPhases = (
				452D9D632524D30500473639 /* Sources */,
				452D9D642524D30500473639 /* Frameworks */,
				452D9D652524D30500473639 /* Resources */,
			);
			buildRules = (
			);
			dependencies = (
			);
			name = "swift-bow-game-of-life-test";
			packageProductDependencies = (
				452D9D722524D34B00473639 /* Bow */,
				452D9D742524D34B00473639 /* BowEffects */,
				452D9D762524D34B00473639 /* BowOptics */,
			);
			productName = "swift-bow-game-of-life-test";
			productReference = 452D9D672524D30500473639 /* swift-bow-game-of-life-test.xctest */;
			productType = "com.apple.product-type.bundle.unit-test";
		};
/* End PBXNativeTarget section */

/* Begin PBXProject section */
		452D9D0E2524CD1500473639 /* Project object */ = {
			isa = PBXProject;
			attributes = {
				LastSwiftUpdateCheck = 1200;
				LastUpgradeCheck = 1200;
				TargetAttributes = {
					452D9D152524CD1500473639 = {
						CreatedOnToolsVersion = 12.0.1;
					};
					452D9D662524D30500473639 = {
						CreatedOnToolsVersion = 12.0.1;
					};
				};
			};
			buildConfigurationList = 452D9D112524CD1500473639 /* Build configuration list for PBXProject "swift-bow-game-of-life" */;
			compatibilityVersion = "Xcode 9.3";
			developmentRegion = en;
			hasScannedForEncodings = 0;
			knownRegions = (
				en,
				Base,
			);
			mainGroup = 452D9D0D2524CD1500473639;
			packageReferences = (
				452D9D5B2524CE2B00473639 /* XCRemoteSwiftPackageReference "bow" */,
			);
			productRefGroup = 452D9D172524CD1500473639 /* Products */;
			projectDirPath = "";
			projectRoot = "";
			targets = (
				452D9D152524CD1500473639 /* swift-bow-game-of-life */,
				452D9D662524D30500473639 /* swift-bow-game-of-life-test */,
			);
		};
/* End PBXProject section */

/* Begin PBXResourcesBuildPhase section */
		452D9D652524D30500473639 /* Resources */ = {
			isa = PBXResourcesBuildPhase;
			buildActionMask = 2147483647;
			files = (
			);
			runOnlyForDeploymentPostprocessing = 0;
		};
/* End PBXResourcesBuildPhase section */

/* Begin PBXSourcesBuildPhase section */
		452D9D122524CD1500473639 /* Sources */ = {
			isa = PBXSourcesBuildPhase;
			buildActionMask = 2147483647;
			files = (
				452D9D1A2524CD1500473639 /* main.swift in Sources */,
				452D9D992524E6B800473639 /* GamePlay.swift in Sources */,
				452D9D922524E64D00473639 /* Console.swift in Sources */,
				452D9D8B2524E3A000473639 /* Data.swift in Sources */,
			);
			runOnlyForDeploymentPostprocessing = 0;
		};
		452D9D632524D30500473639 /* Sources */ = {
			isa = PBXSourcesBuildPhase;
			buildActionMask = 2147483647;
			files = (
				452D9D6A2524D30500473639 /* swift_bow_game_of_life_test.swift in Sources */,
				452D9D9A2524E6B800473639 /* GamePlay.swift in Sources */,
				452D9D932524E64D00473639 /* Console.swift in Sources */,
				452D9D8E2524E3AC00473639 /* Data.swift in Sources */,
			);
			runOnlyForDeploymentPostprocessing = 0;
		};
/* End PBXSourcesBuildPhase section */

/* Begin XCBuildConfiguration section */
		452D9D1B2524CD1500473639 /* Debug */ = {
			isa = XCBuildConfiguration;
			buildSettings = {
				ALWAYS_SEARCH_USER_PATHS = NO;
				CLANG_ANALYZER_NONNULL = YES;
				CLANG_ANALYZER_NUMBER_OBJECT_CONVERSION = YES_AGGRESSIVE;
				CLANG_CXX_LANGUAGE_STANDARD = "gnu++14";
				CLANG_CXX_LIBRARY = "libc++";
				CLANG_ENABLE_MODULES = YES;
				CLANG_ENABLE_OBJC_ARC = YES;
				CLANG_ENABLE_OBJC_WEAK = YES;
				CLANG_WARN_BLOCK_CAPTURE_AUTORELEASING = YES;
				CLANG_WARN_BOOL_CONVERSION = YES;
				CLANG_WARN_COMMA = YES;
				CLANG_WARN_CONSTANT_CONVERSION = YES;
				CLANG_WARN_DEPRECATED_OBJC_IMPLEMENTATIONS = YES;
				CLANG_WARN_DIRECT_OBJC_ISA_USAGE = YES_ERROR;
				CLANG_WARN_DOCUMENTATION_COMMENTS = YES;
				CLANG_WARN_EMPTY_BODY = YES;
				CLANG_WARN_ENUM_CONVERSION = YES;
				CLANG_WARN_INFINITE_RECURSION = YES;
				CLANG_WARN_INT_CONVERSION = YES;
				CLANG_WARN_NON_LITERAL_NULL_CONVERSION = YES;
				CLANG_WARN_OBJC_IMPLICIT_RETAIN_SELF = YES;
				CLANG_WARN_OBJC_LITERAL_CONVERSION = YES;
				CLANG_WARN_OBJC_ROOT_CLASS = YES_ERROR;
				CLANG_WARN_QUOTED_INCLUDE_IN_FRAMEWORK_HEADER = YES;
				CLANG_WARN_RANGE_LOOP_ANALYSIS = YES;
				CLANG_WARN_STRICT_PROTOTYPES = YES;
				CLANG_WARN_SUSPICIOUS_MOVE = YES;
				CLANG_WARN_UNGUARDED_AVAILABILITY = YES_AGGRESSIVE;
				CLANG_WARN_UNREACHABLE_CODE = YES;
				CLANG_WARN__DUPLICATE_METHOD_MATCH = YES;
				COPY_PHASE_STRIP = NO;
				DEBUG_INFORMATION_FORMAT = dwarf;
				ENABLE_STRICT_OBJC_MSGSEND = YES;
				ENABLE_TESTABILITY = YES;
				GCC_C_LANGUAGE_STANDARD = gnu11;
				GCC_DYNAMIC_NO_PIC = NO;
				GCC_NO_COMMON_BLOCKS = YES;
				GCC_OPTIMIZATION_LEVEL = 0;
				GCC_PREPROCESSOR_DEFINITIONS = (
					"DEBUG=1",
					"$(inherited)",
				);
				GCC_WARN_64_TO_32_BIT_CONVERSION = YES;
				GCC_WARN_ABOUT_RETURN_TYPE = YES_ERROR;
				GCC_WARN_UNDECLARED_SELECTOR = YES;
				GCC_WARN_UNINITIALIZED_AUTOS = YES_AGGRESSIVE;
				GCC_WARN_UNUSED_FUNCTION = YES;
				GCC_WARN_UNUSED_VARIABLE = YES;
				MACOSX_DEPLOYMENT_TARGET = 10.15;
				MTL_ENABLE_DEBUG_INFO = INCLUDE_SOURCE;
				MTL_FAST_MATH = YES;
				ONLY_ACTIVE_ARCH = YES;
				SDKROOT = macosx;
				SWIFT_ACTIVE_COMPILATION_CONDITIONS = DEBUG;
				SWIFT_OPTIMIZATION_LEVEL = "-Onone";
			};
			name = Debug;
		};
		452D9D1C2524CD1500473639 /* Release */ = {
			isa = XCBuildConfiguration;
			buildSettings = {
				ALWAYS_SEARCH_USER_PATHS = NO;
				CLANG_ANALYZER_NONNULL = YES;
				CLANG_ANALYZER_NUMBER_OBJECT_CONVERSION = YES_AGGRESSIVE;
				CLANG_CXX_LANGUAGE_STANDARD = "gnu++14";
				CLANG_CXX_LIBRARY = "libc++";
				CLANG_ENABLE_MODULES = YES;
				CLANG_ENABLE_OBJC_ARC = YES;
				CLANG_ENABLE_OBJC_WEAK = YES;
				CLANG_WARN_BLOCK_CAPTURE_AUTORELEASING = YES;
				CLANG_WARN_BOOL_CONVERSION = YES;
				CLANG_WARN_COMMA = YES;
				CLANG_WARN_CONSTANT_CONVERSION = YES;
				CLANG_WARN_DEPRECATED_OBJC_IMPLEMENTATIONS = YES;
				CLANG_WARN_DIRECT_OBJC_ISA_USAGE = YES_ERROR;
				CLANG_WARN_DOCUMENTATION_COMMENTS = YES;
				CLANG_WARN_EMPTY_BODY = YES;
				CLANG_WARN_ENUM_CONVERSION = YES;
				CLANG_WARN_INFINITE_RECURSION = YES;
				CLANG_WARN_INT_CONVERSION = YES;
				CLANG_WARN_NON_LITERAL_NULL_CONVERSION = YES;
				CLANG_WARN_OBJC_IMPLICIT_RETAIN_SELF = YES;
				CLANG_WARN_OBJC_LITERAL_CONVERSION = YES;
				CLANG_WARN_OBJC_ROOT_CLASS = YES_ERROR;
				CLANG_WARN_QUOTED_INCLUDE_IN_FRAMEWORK_HEADER = YES;
				CLANG_WARN_RANGE_LOOP_ANALYSIS = YES;
				CLANG_WARN_STRICT_PROTOTYPES = YES;
				CLANG_WARN_SUSPICIOUS_MOVE = YES;
				CLANG_WARN_UNGUARDED_AVAILABILITY = YES_AGGRESSIVE;
				CLANG_WARN_UNREACHABLE_CODE = YES;
				CLANG_WARN__DUPLICATE_METHOD_MATCH = YES;
				COPY_PHASE_STRIP = NO;
				DEBUG_INFORMATION_FORMAT = "dwarf-with-dsym";
				ENABLE_NS_ASSERTIONS = NO;
				ENABLE_STRICT_OBJC_MSGSEND = YES;
				GCC_C_LANGUAGE_STANDARD = gnu11;
				GCC_NO_COMMON_BLOCKS = YES;
				GCC_WARN_64_TO_32_BIT_CONVERSION = YES;
				GCC_WARN_ABOUT_RETURN_TYPE = YES_ERROR;
				GCC_WARN_UNDECLARED_SELECTOR = YES;
				GCC_WARN_UNINITIALIZED_AUTOS = YES_AGGRESSIVE;
				GCC_WARN_UNUSED_FUNCTION = YES;
				GCC_WARN_UNUSED_VARIABLE = YES;
				MACOSX_DEPLOYMENT_TARGET = 10.15;
				MTL_ENABLE_DEBUG_INFO = NO;
				MTL_FAST_MATH = YES;
				SDKROOT = macosx;
				SWIFT_COMPILATION_MODE = wholemodule;
				SWIFT_OPTIMIZATION_LEVEL = "-O";
			};
			name = Release;
		};
		452D9D1E2524CD1500473639 /* Debug */ = {
			isa = XCBuildConfiguration;
			buildSettings = {
				CODE_SIGN_STYLE = Automatic;
				DEVELOPMENT_TEAM = Y682K92RZU;
				ENABLE_HARDENED_RUNTIME = YES;
				PRODUCT_NAME = "$(TARGET_NAME)";
				SWIFT_VERSION = 5.0;
			};
			name = Debug;
		};
		452D9D1F2524CD1500473639 /* Release */ = {
			isa = XCBuildConfiguration;
			buildSettings = {
				CODE_SIGN_STYLE = Automatic;
				DEVELOPMENT_TEAM = Y682K92RZU;
				ENABLE_HARDENED_RUNTIME = YES;
				PRODUCT_NAME = "$(TARGET_NAME)";
				SWIFT_VERSION = 5.0;
			};
			name = Release;
		};
		452D9D6D2524D30500473639 /* Debug */ = {
			isa = XCBuildConfiguration;
			buildSettings = {
				CODE_SIGN_STYLE = Automatic;
				DEVELOPMENT_TEAM = Y682K92RZU;
				INFOPLIST_FILE = "swift-bow-game-of-life-test/Info.plist";
				LD_RUNPATH_SEARCH_PATHS = (
					"$(inherited)",
					"@executable_path/Frameworks",
					"@loader_path/Frameworks",
				);
				PRODUCT_BUNDLE_IDENTIFIER = "it.chicio.swift-bow-game-of-life-test";
				PRODUCT_NAME = "$(TARGET_NAME)";
				SDKROOT = appletvos;
				SWIFT_VERSION = 5.0;
				TARGETED_DEVICE_FAMILY = 3;
				TVOS_DEPLOYMENT_TARGET = 14.0;
			};
			name = Debug;
		};
		452D9D6E2524D30500473639 /* Release */ = {
			isa = XCBuildConfiguration;
			buildSettings = {
				CODE_SIGN_STYLE = Automatic;
				DEVELOPMENT_TEAM = Y682K92RZU;
				INFOPLIST_FILE = "swift-bow-game-of-life-test/Info.plist";
				LD_RUNPATH_SEARCH_PATHS = (
					"$(inherited)",
					"@executable_path/Frameworks",
					"@loader_path/Frameworks",
				);
				PRODUCT_BUNDLE_IDENTIFIER = "it.chicio.swift-bow-game-of-life-test";
				PRODUCT_NAME = "$(TARGET_NAME)";
				SDKROOT = appletvos;
				SWIFT_VERSION = 5.0;
				TARGETED_DEVICE_FAMILY = 3;
				TVOS_DEPLOYMENT_TARGET = 14.0;
				VALIDATE_PRODUCT = YES;
			};
			name = Release;
		};
/* End XCBuildConfiguration section */

/* Begin XCConfigurationList section */
		452D9D112524CD1500473639 /* Build configuration list for PBXProject "swift-bow-game-of-life" */ = {
			isa = XCConfigurationList;
			buildConfigurations = (
				452D9D1B2524CD1500473639 /* Debug */,
				452D9D1C2524CD1500473639 /* Release */,
			);
			defaultConfigurationIsVisible = 0;
			defaultConfigurationName = Release;
		};
		452D9D1D2524CD1500473639 /* Build configuration list for PBXNativeTarget "swift-bow-game-of-life" */ = {
			isa = XCConfigurationList;
			buildConfigurations = (
				452D9D1E2524CD1500473639 /* Debug */,
				452D9D1F2524CD1500473639 /* Release */,
			);
			defaultConfigurationIsVisible = 0;
			defaultConfigurationName = Release;
		};
		452D9D6C2524D30500473639 /* Build configuration list for PBXNativeTarget "swift-bow-game-of-life-test" */ = {
			isa = XCConfigurationList;
			buildConfigurations = (
				452D9D6D2524D30500473639 /* Debug */,
				452D9D6E2524D30500473639 /* Release */,
			);
			defaultConfigurationIsVisible = 0;
			defaultConfigurationName = Release;
		};
/* End XCConfigurationList section */

/* Begin XCRemoteSwiftPackageReference section */
		452D9D5B2524CE2B00473639 /* XCRemoteSwiftPackageReference "bow" */ = {
			isa = XCRemoteSwiftPackageReference;
			repositoryURL = "https://github.com/bow-swift/bow.git";
			requirement = {
				kind = upToNextMajorVersion;
				minimumVersion = 0.8.0;
			};
		};
/* End XCRemoteSwiftPackageReference section */

/* Begin XCSwiftPackageProductDependency section */
		452D9D5C2524CE2B00473639 /* BowEffects */ = {
			isa = XCSwiftPackageProductDependency;
			package = 452D9D5B2524CE2B00473639 /* XCRemoteSwiftPackageReference "bow" */;
			productName = BowEffects;
		};
		452D9D5E2524CE2B00473639 /* BowOptics */ = {
			isa = XCSwiftPackageProductDependency;
			package = 452D9D5B2524CE2B00473639 /* XCRemoteSwiftPackageReference "bow" */;
			productName = BowOptics;
		};
		452D9D602524CE2B00473639 /* Bow */ = {
			isa = XCSwiftPackageProductDependency;
			package = 452D9D5B2524CE2B00473639 /* XCRemoteSwiftPackageReference "bow" */;
			productName = Bow;
		};
		452D9D722524D34B00473639 /* Bow */ = {
			isa = XCSwiftPackageProductDependency;
			package = 452D9D5B2524CE2B00473639 /* XCRemoteSwiftPackageReference "bow" */;
			productName = Bow;
		};
		452D9D742524D34B00473639 /* BowEffects */ = {
			isa = XCSwiftPackageProductDependency;
			package = 452D9D5B2524CE2B00473639 /* XCRemoteSwiftPackageReference "bow" */;
			productName = BowEffects;
		};
		452D9D762524D34B00473639 /* BowOptics */ = {
			isa = XCSwiftPackageProductDependency;
			package = 452D9D5B2524CE2B00473639 /* XCRemoteSwiftPackageReference "bow" */;
			productName = BowOptics;
		};
/* End XCSwiftPackageProductDependency section */
	};
	rootObject = 452D9D0E2524CD1500473639 /* Project object */;
}
